{
  "object": {
    "pins": [
      {
        "package": "AppAuth",
        "repositoryURL": "https://github.com/openid/AppAuth-iOS.git",
        "state": {
          "branch": null,
          "revision": "8c0b028aedf617d6d780d448dc836f7048166d0f",
          "version": "1.7.4"
        }
      },
      {
        "package": "Facebook",
        "repositoryURL": "https://github.com/facebook/facebook-ios-sdk.git",
        "state": {
          "branch": null,
          "revision": "5c7367dadcbe504702c041621dc09752bf2cd747",
          "version": "16.0.1"
        }
      },
      {
        "package": "GoogleSignIn",
        "repositoryURL": "https://github.com/google/GoogleSignIn-iOS.git",
        "state": {
          "branch": null,
          "revision": "a7965d134c5d3567026c523e0a8a583f73b62b0d",
          "version": "7.1.0"
        }
      },
      {
        "package": "GTMSessionFetcher",
        "repositoryURL": "https://github.com/google/gtm-session-fetcher.git",
        "state": {
          "branch": null,
          "revision": "bc8972686f8797713af26b8eb24e85e2a6b972a3",
          "version": "3.4.0"
        }
      },
      {
        "package": "GTMAppAuth",
        "repositoryURL": "https://github.com/google/GTMAppAuth.git",
        "state": {
          "branch": null,
          "revision": "5d7d66f647400952b1758b230e019b07c0b4b22a",
          "version": "4.1.1"
        }
      },
      {
        "package": "InteropForGoogle",
        "repositoryURL": "https://github.com/google/interop-ios-for-google-sdks.git",
        "state": {
          "branch": null,
          "revision": "040d087ac2267d2ddd4cca36c757d1c6a05fdbfe",
          "version": "101.0.0"
        }
      },
      {
        "package": "JOSESwift",
        "repositoryURL": "https://github.com/airsidemobile/JOSESwift.git",
        "state": {
          "branch": null,
          "revision": "10ed3b6736def7c26eb87135466b1cb46ea7e37f",
          "version": "2.4.0"
        }
      },
      {
        "package": "PingOneSignals",
        "repositoryURL": "https://github.com/pingidentity/pingone-signals-sdk-ios.git",
        "state": {
          "branch": null,
          "revision": "59fde21ecebaaf1b20046e79f55f05f4beb7a74d",
          "version": "5.2.7"
        }
      },
      {
        "package": "RecaptchaEnterprise",
        "repositoryURL": "https://github.com/GoogleCloudPlatform/recaptcha-enterprise-mobile-sdk.git",
        "state": {
          "branch": null,
          "revision": "5ec74256124faa7e7814c574509723f49e1fccfb",
          "version": "18.7.0"
        }
      }
    ]
  },
  "version": 1
}
