// !$*UTF8*$!
{
	archiveVersion = 1;
	classes = {
	};
	objectVersion = 56;
	objects = {

/* Begin PBXBuildFile section */
		3A3DBFD229C4E54500714D97 /* FRExample_AppApp.swift in Sources */ = {isa = PBXBuildFile; fileRef = 3A3DBFD129C4E54500714D97 /* FRExample_AppApp.swift */; };
		3A3DBFD429C4E54500714D97 /* ContentView.swift in Sources */ = {isa = PBXBuildFile; fileRef = 3A3DBFD329C4E54500714D97 /* ContentView.swift */; };
		3A3DBFD629C4E54600714D97 /* Assets.xcassets in Resources */ = {isa = PBXBuildFile; fileRef = 3A3DBFD529C4E54600714D97 /* Assets.xcassets */; };
		3A3DBFD929C4E54600714D97 /* Preview Assets.xcassets in Resources */ = {isa = PBXBuildFile; fileRef = 3A3DBFD829C4E54600714D97 /* Preview Assets.xcassets */; };
		3A3DBFE329C4E54600714D97 /* FRExample_AppTests.swift in Sources */ = {isa = PBXBuildFile; fileRef = 3A3DBFE229C4E54600714D97 /* FRExample_AppTests.swift */; };
		3A3DBFED29C4E54600714D97 /* FRExample_AppUITests.swift in Sources */ = {isa = PBXBuildFile; fileRef = 3A3DBFEC29C4E54600714D97 /* FRExample_AppUITests.swift */; };
		3A3DBFEF29C4E54600714D97 /* FRExample_AppUITestsLaunchTests.swift in Sources */ = {isa = PBXBuildFile; fileRef = 3A3DBFEE29C4E54600714D97 /* FRExample_AppUITestsLaunchTests.swift */; };
		3A8BAACA29C4F2BA00334D5D /* FRCore.framework in Frameworks */ = {isa = PBXBuildFile; fileRef = 3A8BAAC929C4F2BA00334D5D /* FRCore.framework */; };
		3A8BAACD29C4F2BA00334D5D /* FRAuth.framework in Frameworks */ = {isa = PBXBuildFile; fileRef = 3AA897F229C4F254006D056D /* FRAuth.framework */; };
/* End PBXBuildFile section */

/* Begin PBXContainerItemProxy section */
		3A3DBFDF29C4E54600714D97 /* PBXContainerItemProxy */ = {
			isa = PBXContainerItemProxy;
			containerPortal = 3A3DBFC629C4E54500714D97 /* Project object */;
			proxyType = 1;
			remoteGlobalIDString = 3A3DBFCD29C4E54500714D97;
			remoteInfo = "FRExample-App";
		};
		3A3DBFE929C4E54600714D97 /* PBXContainerItemProxy */ = {
			isa = PBXContainerItemProxy;
			containerPortal = 3A3DBFC629C4E54500714D97 /* Project object */;
			proxyType = 1;
			remoteGlobalIDString = 3A3DBFCD29C4E54500714D97;
			remoteInfo = "FRExample-App";
		};
		3AA897F129C4F254006D056D /* PBXContainerItemProxy */ = {
			isa = PBXContainerItemProxy;
			containerPortal = 3AA897EC29C4F254006D056D /* FRAuth.xcodeproj */;
			proxyType = 2;
			remoteGlobalIDString = D55462F822A6DF720096C7A4;
			remoteInfo = FRAuth;
		};
		3AA897F329C4F254006D056D /* PBXContainerItemProxy */ = {
			isa = PBXContainerItemProxy;
			containerPortal = 3AA897EC29C4F254006D056D /* FRAuth.xcodeproj */;
			proxyType = 2;
			remoteGlobalIDString = D554630122A6DF720096C7A4;
			remoteInfo = FRAuthTests;
		};
/* End PBXContainerItemProxy section */

/* Begin PBXFileReference section */
		3A3DBFCE29C4E54500714D97 /* FRExample-App.app */ = {isa = PBXFileReference; explicitFileType = wrapper.application; includeInIndex = 0; path = "FRExample-App.app"; sourceTree = BUILT_PRODUCTS_DIR; };
		3A3DBFD129C4E54500714D97 /* FRExample_AppApp.swift */ = {isa = PBXFileReference; lastKnownFileType = sourcecode.swift; path = FRExample_AppApp.swift; sourceTree = "<group>"; };
		3A3DBFD329C4E54500714D97 /* ContentView.swift */ = {isa = PBXFileReference; lastKnownFileType = sourcecode.swift; path = ContentView.swift; sourceTree = "<group>"; };
		3A3DBFD529C4E54600714D97 /* Assets.xcassets */ = {isa = PBXFileReference; lastKnownFileType = folder.assetcatalog; path = Assets.xcassets; sourceTree = "<group>"; };
		3A3DBFD829C4E54600714D97 /* Preview Assets.xcassets */ = {isa = PBXFileReference; lastKnownFileType = folder.assetcatalog; path = "Preview Assets.xcassets"; sourceTree = "<group>"; };
		3A3DBFDE29C4E54600714D97 /* FRExample-AppTests.xctest */ = {isa = PBXFileReference; explicitFileType = wrapper.cfbundle; includeInIndex = 0; path = "FRExample-AppTests.xctest"; sourceTree = BUILT_PRODUCTS_DIR; };
		3A3DBFE229C4E54600714D97 /* FRExample_AppTests.swift */ = {isa = PBXFileReference; lastKnownFileType = sourcecode.swift; path = FRExample_AppTests.swift; sourceTree = "<group>"; };
		3A3DBFE829C4E54600714D97 /* FRExample-AppUITests.xctest */ = {isa = PBXFileReference; explicitFileType = wrapper.cfbundle; includeInIndex = 0; path = "FRExample-AppUITests.xctest"; sourceTree = BUILT_PRODUCTS_DIR; };
		3A3DBFEC29C4E54600714D97 /* FRExample_AppUITests.swift */ = {isa = PBXFileReference; lastKnownFileType = sourcecode.swift; path = FRExample_AppUITests.swift; sourceTree = "<group>"; };
		3A3DBFEE29C4E54600714D97 /* FRExample_AppUITestsLaunchTests.swift */ = {isa = PBXFileReference; lastKnownFileType = sourcecode.swift; path = FRExample_AppUITestsLaunchTests.swift; sourceTree = "<group>"; };
		3A3DC03D29C4F20C00714D97 /* FRAuth.framework */ = {isa = PBXFileReference; explicitFileType = wrapper.framework; path = FRAuth.framework; sourceTree = BUILT_PRODUCTS_DIR; };
		3A3DC03F29C4F21200714D97 /* FRCore.framework */ = {isa = PBXFileReference; explicitFileType = wrapper.framework; path = FRCore.framework; sourceTree = BUILT_PRODUCTS_DIR; };
		3A8BAAC929C4F2BA00334D5D /* FRCore.framework */ = {isa = PBXFileReference; explicitFileType = wrapper.framework; path = FRCore.framework; sourceTree = BUILT_PRODUCTS_DIR; };
		3AA897EC29C4F254006D056D /* FRAuth.xcodeproj */ = {isa = PBXFileReference; lastKnownFileType = "wrapper.pb-project"; name = FRAuth.xcodeproj; path = ../../FRAuth/FRAuth.xcodeproj; sourceTree = "<group>"; };
/* End PBXFileReference section */

/* Begin PBXFrameworksBuildPhase section */
		3A3DBFCB29C4E54500714D97 /* Frameworks */ = {
			isa = PBXFrameworksBuildPhase;
			buildActionMask = 2147483647;
			files = (
				3A8BAACD29C4F2BA00334D5D /* FRAuth.framework in Frameworks */,
				3A8BAACA29C4F2BA00334D5D /* FRCore.framework in Frameworks */,
			);
			runOnlyForDeploymentPostprocessing = 0;
		};
		3A3DBFDB29C4E54600714D97 /* Frameworks */ = {
			isa = PBXFrameworksBuildPhase;
			buildActionMask = 2147483647;
			files = (
			);
			runOnlyForDeploymentPostprocessing = 0;
		};
		3A3DBFE529C4E54600714D97 /* Frameworks */ = {
			isa = PBXFrameworksBuildPhase;
			buildActionMask = 2147483647;
			files = (
			);
			runOnlyForDeploymentPostprocessing = 0;
		};
/* End PBXFrameworksBuildPhase section */

/* Begin PBXGroup section */
		3A3DBFC529C4E54500714D97 = {
			isa = PBXGroup;
			children = (
				3AA897EC29C4F254006D056D /* FRAuth.xcodeproj */,
				3A3DBFD029C4E54500714D97 /* FRExample-App */,
				3A3DBFE129C4E54600714D97 /* FRExample-AppTests */,
				3A3DBFEB29C4E54600714D97 /* FRExample-AppUITests */,
				3A3DBFCF29C4E54500714D97 /* Products */,
				3A3DC03C29C4F20C00714D97 /* Frameworks */,
			);
			sourceTree = "<group>";
		};
		3A3DBFCF29C4E54500714D97 /* Products */ = {
			isa = PBXGroup;
			children = (
				3A3DBFCE29C4E54500714D97 /* FRExample-App.app */,
				3A3DBFDE29C4E54600714D97 /* FRExample-AppTests.xctest */,
				3A3DBFE829C4E54600714D97 /* FRExample-AppUITests.xctest */,
			);
			name = Products;
			sourceTree = "<group>";
		};
		3A3DBFD029C4E54500714D97 /* FRExample-App */ = {
			isa = PBXGroup;
			children = (
				3A3DBFD129C4E54500714D97 /* FRExample_AppApp.swift */,
				3A3DBFD329C4E54500714D97 /* ContentView.swift */,
				3A3DBFD529C4E54600714D97 /* Assets.xcassets */,
				3A3DBFD729C4E54600714D97 /* Preview Content */,
			);
			path = "FRExample-App";
			sourceTree = "<group>";
		};
		3A3DBFD729C4E54600714D97 /* Preview Content */ = {
			isa = PBXGroup;
			children = (
				3A3DBFD829C4E54600714D97 /* Preview Assets.xcassets */,
			);
			path = "Preview Content";
			sourceTree = "<group>";
		};
		3A3DBFE129C4E54600714D97 /* FRExample-AppTests */ = {
			isa = PBXGroup;
			children = (
				3A3DBFE229C4E54600714D97 /* FRExample_AppTests.swift */,
			);
			path = "FRExample-AppTests";
			sourceTree = "<group>";
		};
		3A3DBFEB29C4E54600714D97 /* FRExample-AppUITests */ = {
			isa = PBXGroup;
			children = (
				3A3DBFEC29C4E54600714D97 /* FRExample_AppUITests.swift */,
				3A3DBFEE29C4E54600714D97 /* FRExample_AppUITestsLaunchTests.swift */,
			);
			path = "FRExample-AppUITests";
			sourceTree = "<group>";
		};
		3A3DC03C29C4F20C00714D97 /* Frameworks */ = {
			isa = PBXGroup;
			children = (
				3A8BAAC929C4F2BA00334D5D /* FRCore.framework */,
				3A3DC03F29C4F21200714D97 /* FRCore.framework */,
				3A3DC03D29C4F20C00714D97 /* FRAuth.framework */,
			);
			name = Frameworks;
			sourceTree = "<group>";
		};
		3AA897ED29C4F254006D056D /* Products */ = {
			isa = PBXGroup;
			children = (
				3AA897F229C4F254006D056D /* FRAuth.framework */,
				3AA897F429C4F254006D056D /* FRAuthTests.xctest */,
			);
			name = Products;
			sourceTree = "<group>";
		};
/* End PBXGroup section */

/* Begin PBXNativeTarget section */
		3A3DBFCD29C4E54500714D97 /* FRExample-App */ = {
			isa = PBXNativeTarget;
			buildConfigurationList = 3A3DBFF229C4E54600714D97 /* Build configuration list for PBXNativeTarget "FRExample-App" */;
			buildPhases = (
				3A3DBFCA29C4E54500714D97 /* Sources */,
				3A3DBFCB29C4E54500714D97 /* Frameworks */,
				3A3DBFCC29C4E54500714D97 /* Resources */,
			);
			buildRules = (
			);
			dependencies = (
			);
			name = "FRExample-App";
			productName = "FRExample-App";
			productReference = 3A3DBFCE29C4E54500714D97 /* FRExample-App.app */;
			productType = "com.apple.product-type.application";
		};
		3A3DBFDD29C4E54600714D97 /* FRExample-AppTests */ = {
			isa = PBXNativeTarget;
			buildConfigurationList = 3A3DBFF529C4E54600714D97 /* Build configuration list for PBXNativeTarget "FRExample-AppTests" */;
			buildPhases = (
				3A3DBFDA29C4E54600714D97 /* Sources */,
				3A3DBFDB29C4E54600714D97 /* Frameworks */,
				3A3DBFDC29C4E54600714D97 /* Resources */,
			);
			buildRules = (
			);
			dependencies = (
				3A3DBFE029C4E54600714D97 /* PBXTargetDependency */,
			);
			name = "FRExample-AppTests";
			productName = "FRExample-AppTests";
			productReference = 3A3DBFDE29C4E54600714D97 /* FRExample-AppTests.xctest */;
			productType = "com.apple.product-type.bundle.unit-test";
		};
		3A3DBFE729C4E54600714D97 /* FRExample-AppUITests */ = {
			isa = PBXNativeTarget;
			buildConfigurationList = 3A3DBFF829C4E54600714D97 /* Build configuration list for PBXNativeTarget "FRExample-AppUITests" */;
			buildPhases = (
				3A3DBFE429C4E54600714D97 /* Sources */,
				3A3DBFE529C4E54600714D97 /* Frameworks */,
				3A3DBFE629C4E54600714D97 /* Resources */,
			);
			buildRules = (
			);
			dependencies = (
				3A3DBFEA29C4E54600714D97 /* PBXTargetDependency */,
			);
			name = "FRExample-AppUITests";
			productName = "FRExample-AppUITests";
			productReference = 3A3DBFE829C4E54600714D97 /* FRExample-AppUITests.xctest */;
			productType = "com.apple.product-type.bundle.ui-testing";
		};
/* End PBXNativeTarget section */

/* Begin PBXProject section */
		3A3DBFC629C4E54500714D97 /* Project object */ = {
			isa = PBXProject;
			attributes = {
				BuildIndependentTargetsInParallel = 1;
				LastSwiftUpdateCheck = 1420;
				LastUpgradeCheck = 1420;
				TargetAttributes = {
					3A3DBFCD29C4E54500714D97 = {
						CreatedOnToolsVersion = 14.2;
					};
					3A3DBFDD29C4E54600714D97 = {
						CreatedOnToolsVersion = 14.2;
						TestTargetID = 3A3DBFCD29C4E54500714D97;
					};
					3A3DBFE729C4E54600714D97 = {
						CreatedOnToolsVersion = 14.2;
						TestTargetID = 3A3DBFCD29C4E54500714D97;
					};
				};
			};
			buildConfigurationList = 3A3DBFC929C4E54500714D97 /* Build configuration list for PBXProject "FRExample-App" */;
			compatibilityVersion = "Xcode 14.0";
			developmentRegion = en;
			hasScannedForEncodings = 0;
			knownRegions = (
				en,
				Base,
			);
			mainGroup = 3A3DBFC529C4E54500714D97;
			productRefGroup = 3A3DBFCF29C4E54500714D97 /* Products */;
			projectDirPath = "";
			projectReferences = (
				{
					ProductGroup = 3AA897ED29C4F254006D056D /* Products */;
					ProjectRef = 3AA897EC29C4F254006D056D /* FRAuth.xcodeproj */;
				},
			);
			projectRoot = "";
			targets = (
				3A3DBFCD29C4E54500714D97 /* FRExample-App */,
				3A3DBFDD29C4E54600714D97 /* FRExample-AppTests */,
				3A3DBFE729C4E54600714D97 /* FRExample-AppUITests */,
			);
		};
/* End PBXProject section */

/* Begin PBXReferenceProxy section */
		3AA897F229C4F254006D056D /* FRAuth.framework */ = {
			isa = PBXReferenceProxy;
			fileType = wrapper.framework;
			path = FRAuth.framework;
			remoteRef = 3AA897F129C4F254006D056D /* PBXContainerItemProxy */;
			sourceTree = BUILT_PRODUCTS_DIR;
		};
		3AA897F429C4F254006D056D /* FRAuthTests.xctest */ = {
			isa = PBXReferenceProxy;
			fileType = wrapper.cfbundle;
			path = FRAuthTests.xctest;
			remoteRef = 3AA897F329C4F254006D056D /* PBXContainerItemProxy */;
			sourceTree = BUILT_PRODUCTS_DIR;
		};
/* End PBXReferenceProxy section */

/* Begin PBXResourcesBuildPhase section */
		3A3DBFCC29C4E54500714D97 /* Resources */ = {
			isa = PBXResourcesBuildPhase;
			buildActionMask = 2147483647;
			files = (
				3A3DBFD929C4E54600714D97 /* Preview Assets.xcassets in Resources */,
				3A3DBFD629C4E54600714D97 /* Assets.xcassets in Resources */,
			);
			runOnlyForDeploymentPostprocessing = 0;
		};
		3A3DBFDC29C4E54600714D97 /* Resources */ = {
			isa = PBXResourcesBuildPhase;
			buildActionMask = 2147483647;
			files = (
			);
			runOnlyForDeploymentPostprocessing = 0;
		};
		3A3DBFE629C4E54600714D97 /* Resources */ = {
			isa = PBXResourcesBuildPhase;
			buildActionMask = 2147483647;
			files = (
			);
			runOnlyForDeploymentPostprocessing = 0;
		};
/* End PBXResourcesBuildPhase section */

/* Begin PBXSourcesBuildPhase section */
		3A3DBFCA29C4E54500714D97 /* Sources */ = {
			isa = PBXSourcesBuildPhase;
			buildActionMask = 2147483647;
			files = (
				3A3DBFD429C4E54500714D97 /* ContentView.swift in Sources */,
				3A3DBFD229C4E54500714D97 /* FRExample_AppApp.swift in Sources */,
			);
			runOnlyForDeploymentPostprocessing = 0;
		};
		3A3DBFDA29C4E54600714D97 /* Sources */ = {
			isa = PBXSourcesBuildPhase;
			buildActionMask = 2147483647;
			files = (
				3A3DBFE329C4E54600714D97 /* FRExample_AppTests.swift in Sources */,
			);
			runOnlyForDeploymentPostprocessing = 0;
		};
		3A3DBFE429C4E54600714D97 /* Sources */ = {
			isa = PBXSourcesBuildPhase;
			buildActionMask = 2147483647;
			files = (
				3A3DBFED29C4E54600714D97 /* FRExample_AppUITests.swift in Sources */,
				3A3DBFEF29C4E54600714D97 /* FRExample_AppUITestsLaunchTests.swift in Sources */,
			);
			runOnlyForDeploymentPostprocessing = 0;
		};
/* End PBXSourcesBuildPhase section */

/* Begin PBXTargetDependency section */
		3A3DBFE029C4E54600714D97 /* PBXTargetDependency */ = {
			isa = PBXTargetDependency;
			target = 3A3DBFCD29C4E54500714D97 /* FRExample-App */;
			targetProxy = 3A3DBFDF29C4E54600714D97 /* PBXContainerItemProxy */;
		};
		3A3DBFEA29C4E54600714D97 /* PBXTargetDependency */ = {
			isa = PBXTargetDependency;
			target = 3A3DBFCD29C4E54500714D97 /* FRExample-App */;
			targetProxy = 3A3DBFE929C4E54600714D97 /* PBXContainerItemProxy */;
		};
/* End PBXTargetDependency section */

/* Begin XCBuildConfiguration section */
		3A3DBFF029C4E54600714D97 /* Debug */ = {
			isa = XCBuildConfiguration;
			buildSettings = {
				ALWAYS_SEARCH_USER_PATHS = NO;
				CLANG_ANALYZER_NONNULL = YES;
				CLANG_ANALYZER_NUMBER_OBJECT_CONVERSION = YES_AGGRESSIVE;
				CLANG_CXX_LANGUAGE_STANDARD = "gnu++20";
				CLANG_ENABLE_MODULES = YES;
				CLANG_ENABLE_OBJC_ARC = YES;
				CLANG_ENABLE_OBJC_WEAK = YES;
				CLANG_WARN_BLOCK_CAPTURE_AUTORELEASING = YES;
				CLANG_WARN_BOOL_CONVERSION = YES;
				CLANG_WARN_COMMA = YES;
				CLANG_WARN_CONSTANT_CONVERSION = YES;
				CLANG_WARN_DEPRECATED_OBJC_IMPLEMENTATIONS = YES;
				CLANG_WARN_DIRECT_OBJC_ISA_USAGE = YES_ERROR;
				CLANG_WARN_DOCUMENTATION_COMMENTS = YES;
				CLANG_WARN_EMPTY_BODY = YES;
				CLANG_WARN_ENUM_CONVERSION = YES;
				CLANG_WARN_INFINITE_RECURSION = YES;
				CLANG_WARN_INT_CONVERSION = YES;
				CLANG_WARN_NON_LITERAL_NULL_CONVERSION = YES;
				CLANG_WARN_OBJC_IMPLICIT_RETAIN_SELF = YES;
				CLANG_WARN_OBJC_LITERAL_CONVERSION = YES;
				CLANG_WARN_OBJC_ROOT_CLASS = YES_ERROR;
				CLANG_WARN_QUOTED_INCLUDE_IN_FRAMEWORK_HEADER = YES;
				CLANG_WARN_RANGE_LOOP_ANALYSIS = YES;
				CLANG_WARN_STRICT_PROTOTYPES = YES;
				CLANG_WARN_SUSPICIOUS_MOVE = YES;
				CLANG_WARN_UNGUARDED_AVAILABILITY = YES_AGGRESSIVE;
				CLANG_WARN_UNREACHABLE_CODE = YES;
				CLANG_WARN__DUPLICATE_METHOD_MATCH = YES;
				COPY_PHASE_STRIP = NO;
				DEBUG_INFORMATION_FORMAT = dwarf;
				ENABLE_STRICT_OBJC_MSGSEND = YES;
				ENABLE_TESTABILITY = YES;
				GCC_C_LANGUAGE_STANDARD = gnu11;
				GCC_DYNAMIC_NO_PIC = NO;
				GCC_NO_COMMON_BLOCKS = YES;
				GCC_OPTIMIZATION_LEVEL = 0;
				GCC_PREPROCESSOR_DEFINITIONS = (
					"DEBUG=1",
					"$(inherited)",
				);
				GCC_WARN_64_TO_32_BIT_CONVERSION = YES;
				GCC_WARN_ABOUT_RETURN_TYPE = YES_ERROR;
				GCC_WARN_UNDECLARED_SELECTOR = YES;
				GCC_WARN_UNINITIALIZED_AUTOS = YES_AGGRESSIVE;
				GCC_WARN_UNUSED_FUNCTION = YES;
				GCC_WARN_UNUSED_VARIABLE = YES;
				IPHONEOS_DEPLOYMENT_TARGET = 14.0;
				MTL_ENABLE_DEBUG_INFO = INCLUDE_SOURCE;
				MTL_FAST_MATH = YES;
				ONLY_ACTIVE_ARCH = YES;
				SDKROOT = iphoneos;
				SWIFT_ACTIVE_COMPILATION_CONDITIONS = DEBUG;
				SWIFT_OPTIMIZATION_LEVEL = "-Onone";
			};
			name = Debug;
		};
		3A3DBFF129C4E54600714D97 /* Release */ = {
			isa = XCBuildConfiguration;
			buildSettings = {
				ALWAYS_SEARCH_USER_PATHS = NO;
				CLANG_ANALYZER_NONNULL = YES;
				CLANG_ANALYZER_NUMBER_OBJECT_CONVERSION = YES_AGGRESSIVE;
				CLANG_CXX_LANGUAGE_STANDARD = "gnu++20";
				CLANG_ENABLE_MODULES = YES;
				CLANG_ENABLE_OBJC_ARC = YES;
				CLANG_ENABLE_OBJC_WEAK = YES;
				CLANG_WARN_BLOCK_CAPTURE_AUTORELEASING = YES;
				CLANG_WARN_BOOL_CONVERSION = YES;
				CLANG_WARN_COMMA = YES;
				CLANG_WARN_CONSTANT_CONVERSION = YES;
				CLANG_WARN_DEPRECATED_OBJC_IMPLEMENTATIONS = YES;
				CLANG_WARN_DIRECT_OBJC_ISA_USAGE = YES_ERROR;
				CLANG_WARN_DOCUMENTATION_COMMENTS = YES;
				CLANG_WARN_EMPTY_BODY = YES;
				CLANG_WARN_ENUM_CONVERSION = YES;
				CLANG_WARN_INFINITE_RECURSION = YES;
				CLANG_WARN_INT_CONVERSION = YES;
				CLANG_WARN_NON_LITERAL_NULL_CONVERSION = YES;
				CLANG_WARN_OBJC_IMPLICIT_RETAIN_SELF = YES;
				CLANG_WARN_OBJC_LITERAL_CONVERSION = YES;
				CLANG_WARN_OBJC_ROOT_CLASS = YES_ERROR;
				CLANG_WARN_QUOTED_INCLUDE_IN_FRAMEWORK_HEADER = YES;
				CLANG_WARN_RANGE_LOOP_ANALYSIS = YES;
				CLANG_WARN_STRICT_PROTOTYPES = YES;
				CLANG_WARN_SUSPICIOUS_MOVE = YES;
				CLANG_WARN_UNGUARDED_AVAILABILITY = YES_AGGRESSIVE;
				CLANG_WARN_UNREACHABLE_CODE = YES;
				CLANG_WARN__DUPLICATE_METHOD_MATCH = YES;
				COPY_PHASE_STRIP = NO;
				DEBUG_INFORMATION_FORMAT = "dwarf-with-dsym";
				ENABLE_NS_ASSERTIONS = NO;
				ENABLE_STRICT_OBJC_MSGSEND = YES;
				GCC_C_LANGUAGE_STANDARD = gnu11;
				GCC_NO_COMMON_BLOCKS = YES;
				GCC_WARN_64_TO_32_BIT_CONVERSION = YES;
				GCC_WARN_ABOUT_RETURN_TYPE = YES_ERROR;
				GCC_WARN_UNDECLARED_SELECTOR = YES;
				GCC_WARN_UNINITIALIZED_AUTOS = YES_AGGRESSIVE;
				GCC_WARN_UNUSED_FUNCTION = YES;
				GCC_WARN_UNUSED_VARIABLE = YES;
				IPHONEOS_DEPLOYMENT_TARGET = 14.0;
				MTL_ENABLE_DEBUG_INFO = NO;
				MTL_FAST_MATH = YES;
				SDKROOT = iphoneos;
				SWIFT_COMPILATION_MODE = wholemodule;
				SWIFT_OPTIMIZATION_LEVEL = "-O";
				VALIDATE_PRODUCT = YES;
			};
			name = Release;
		};
		3A3DBFF329C4E54600714D97 /* Debug */ = {
			isa = XCBuildConfiguration;
			buildSettings = {
				ASSETCATALOG_COMPILER_APPICON_NAME = AppIcon;
				ASSETCATALOG_COMPILER_GLOBAL_ACCENT_COLOR_NAME = AccentColor;
				CODE_SIGN_STYLE = Automatic;
				CURRENT_PROJECT_VERSION = 1;
				DEVELOPMENT_ASSET_PATHS = "\"FRExample-App/Preview Content\"";
				DEVELOPMENT_TEAM = A6X8H2KUYJ;
				ENABLE_PREVIEWS = YES;
				GENERATE_INFOPLIST_FILE = YES;
				INFOPLIST_KEY_CFBundleDisplayName = "FRExample-App";
				INFOPLIST_KEY_UIApplicationSceneManifest_Generation = YES;
				INFOPLIST_KEY_UIApplicationSupportsIndirectInputEvents = YES;
				INFOPLIST_KEY_UILaunchScreen_Generation = YES;
				INFOPLIST_KEY_UISupportedInterfaceOrientations_iPad = "UIInterfaceOrientationPortrait UIInterfaceOrientationPortraitUpsideDown UIInterfaceOrientationLandscapeLeft UIInterfaceOrientationLandscapeRight";
				INFOPLIST_KEY_UISupportedInterfaceOrientations_iPhone = "UIInterfaceOrientationPortrait UIInterfaceOrientationLandscapeLeft UIInterfaceOrientationLandscapeRight";
				IPHONEOS_DEPLOYMENT_TARGET = 14.0;
				LD_RUNPATH_SEARCH_PATHS = (
					"$(inherited)",
					"@executable_path/Frameworks",
				);
				MARKETING_VERSION = 1.0;
				PRODUCT_BUNDLE_IDENTIFIER = "com.forgerock.FRExample-App";
				PRODUCT_NAME = "$(TARGET_NAME)";
				SWIFT_EMIT_LOC_STRINGS = YES;
				SWIFT_VERSION = 5.0;
				TARGETED_DEVICE_FAMILY = "1,2";
			};
			name = Debug;
		};
		3A3DBFF429C4E54600714D97 /* Release */ = {
			isa = XCBuildConfiguration;
			buildSettings = {
				ASSETCATALOG_COMPILER_APPICON_NAME = AppIcon;
				ASSETCATALOG_COMPILER_GLOBAL_ACCENT_COLOR_NAME = AccentColor;
				CODE_SIGN_STYLE = Automatic;
				CURRENT_PROJECT_VERSION = 1;
				DEVELOPMENT_ASSET_PATHS = "\"FRExample-App/Preview Content\"";
				DEVELOPMENT_TEAM = A6X8H2KUYJ;
				ENABLE_PREVIEWS = YES;
				GENERATE_INFOPLIST_FILE = YES;
				INFOPLIST_KEY_CFBundleDisplayName = "FRExample-App";
				INFOPLIST_KEY_UIApplicationSceneManifest_Generation = YES;
				INFOPLIST_KEY_UIApplicationSupportsIndirectInputEvents = YES;
				INFOPLIST_KEY_UILaunchScreen_Generation = YES;
				INFOPLIST_KEY_UISupportedInterfaceOrientations_iPad = "UIInterfaceOrientationPortrait UIInterfaceOrientationPortraitUpsideDown UIInterfaceOrientationLandscapeLeft UIInterfaceOrientationLandscapeRight";
				INFOPLIST_KEY_UISupportedInterfaceOrientations_iPhone = "UIInterfaceOrientationPortrait UIInterfaceOrientationLandscapeLeft UIInterfaceOrientationLandscapeRight";
				IPHONEOS_DEPLOYMENT_TARGET = 14.0;
				LD_RUNPATH_SEARCH_PATHS = (
					"$(inherited)",
					"@executable_path/Frameworks",
				);
				MARKETING_VERSION = 1.0;
				PRODUCT_BUNDLE_IDENTIFIER = "com.forgerock.FRExample-App";
				PRODUCT_NAME = "$(TARGET_NAME)";
				SWIFT_EMIT_LOC_STRINGS = YES;
				SWIFT_VERSION = 5.0;
				TARGETED_DEVICE_FAMILY = "1,2";
			};
			name = Release;
		};
		3A3DBFF629C4E54600714D97 /* Debug */ = {
			isa = XCBuildConfiguration;
			buildSettings = {
				ALWAYS_EMBED_SWIFT_STANDARD_LIBRARIES = YES;
				BUNDLE_LOADER = "$(TEST_HOST)";
				CODE_SIGN_STYLE = Automatic;
				CURRENT_PROJECT_VERSION = 1;
				DEVELOPMENT_TEAM = A6X8H2KUYJ;
				GENERATE_INFOPLIST_FILE = YES;
				IPHONEOS_DEPLOYMENT_TARGET = 16.2;
				MARKETING_VERSION = 1.0;
				PRODUCT_BUNDLE_IDENTIFIER = "com.forgerock.FRExample-AppTests";
				PRODUCT_NAME = "$(TARGET_NAME)";
				SWIFT_EMIT_LOC_STRINGS = NO;
				SWIFT_VERSION = 5.0;
				TARGETED_DEVICE_FAMILY = "1,2";
				TEST_HOST = "$(BUILT_PRODUCTS_DIR)/FRExample-App.app/$(BUNDLE_EXECUTABLE_FOLDER_PATH)/FRExample-App";
			};
			name = Debug;
		};
		3A3DBFF729C4E54600714D97 /* Release */ = {
			isa = XCBuildConfiguration;
			buildSettings = {
				ALWAYS_EMBED_SWIFT_STANDARD_LIBRARIES = YES;
				BUNDLE_LOADER = "$(TEST_HOST)";
				CODE_SIGN_STYLE = Automatic;
				CURRENT_PROJECT_VERSION = 1;
				DEVELOPMENT_TEAM = A6X8H2KUYJ;
				GENERATE_INFOPLIST_FILE = YES;
				IPHONEOS_DEPLOYMENT_TARGET = 16.2;
				MARKETING_VERSION = 1.0;
				PRODUCT_BUNDLE_IDENTIFIER = "com.forgerock.FRExample-AppTests";
				PRODUCT_NAME = "$(TARGET_NAME)";
				SWIFT_EMIT_LOC_STRINGS = NO;
				SWIFT_VERSION = 5.0;
				TARGETED_DEVICE_FAMILY = "1,2";
				TEST_HOST = "$(BUILT_PRODUCTS_DIR)/FRExample-App.app/$(BUNDLE_EXECUTABLE_FOLDER_PATH)/FRExample-App";
			};
			name = Release;
		};
		3A3DBFF929C4E54600714D97 /* Debug */ = {
			isa = XCBuildConfiguration;
			buildSettings = {
				ALWAYS_EMBED_SWIFT_STANDARD_LIBRARIES = YES;
				CODE_SIGN_STYLE = Automatic;
				CURRENT_PROJECT_VERSION = 1;
				DEVELOPMENT_TEAM = A6X8H2KUYJ;
				GENERATE_INFOPLIST_FILE = YES;
				MARKETING_VERSION = 1.0;
				PRODUCT_BUNDLE_IDENTIFIER = "com.forgerock.FRExample-AppUITests";
				PRODUCT_NAME = "$(TARGET_NAME)";
				SWIFT_EMIT_LOC_STRINGS = NO;
				SWIFT_VERSION = 5.0;
				TARGETED_DEVICE_FAMILY = "1,2";
				TEST_TARGET_NAME = "FRExample-App";
			};
			name = Debug;
		};
		3A3DBFFA29C4E54600714D97 /* Release */ = {
			isa = XCBuildConfiguration;
			buildSettings = {
				ALWAYS_EMBED_SWIFT_STANDARD_LIBRARIES = YES;
				CODE_SIGN_STYLE = Automatic;
				CURRENT_PROJECT_VERSION = 1;
				DEVELOPMENT_TEAM = A6X8H2KUYJ;
				GENERATE_INFOPLIST_FILE = YES;
				MARKETING_VERSION = 1.0;
				PRODUCT_BUNDLE_IDENTIFIER = "com.forgerock.FRExample-AppUITests";
				PRODUCT_NAME = "$(TARGET_NAME)";
				SWIFT_EMIT_LOC_STRINGS = NO;
				SWIFT_VERSION = 5.0;
				TARGETED_DEVICE_FAMILY = "1,2";
				TEST_TARGET_NAME = "FRExample-App";
			};
			name = Release;
		};
/* End XCBuildConfiguration section */

/* Begin XCConfigurationList section */
		3A3DBFC929C4E54500714D97 /* Build configuration list for PBXProject "FRExample-App" */ = {
			isa = XCConfigurationList;
			buildConfigurations = (
				3A3DBFF029C4E54600714D97 /* Debug */,
				3A3DBFF129C4E54600714D97 /* Release */,
			);
			defaultConfigurationIsVisible = 0;
			defaultConfigurationName = Release;
		};
		3A3DBFF229C4E54600714D97 /* Build configuration list for PBXNativeTarget "FRExample-App" */ = {
			isa = XCConfigurationList;
			buildConfigurations = (
				3A3DBFF329C4E54600714D97 /* Debug */,
				3A3DBFF429C4E54600714D97 /* Release */,
			);
			defaultConfigurationIsVisible = 0;
			defaultConfigurationName = Release;
		};
		3A3DBFF529C4E54600714D97 /* Build configuration list for PBXNativeTarget "FRExample-AppTests" */ = {
			isa = XCConfigurationList;
			buildConfigurations = (
				3A3DBFF629C4E54600714D97 /* Debug */,
				3A3DBFF729C4E54600714D97 /* Release */,
			);
			defaultConfigurationIsVisible = 0;
			defaultConfigurationName = Release;
		};
		3A3DBFF829C4E54600714D97 /* Build configuration list for PBXNativeTarget "FRExample-AppUITests" */ = {
			isa = XCConfigurationList;
			buildConfigurations = (
				3A3DBFF929C4E54600714D97 /* Debug */,
				3A3DBFFA29C4E54600714D97 /* Release */,
			);
			defaultConfigurationIsVisible = 0;
			defaultConfigurationName = Release;
		};
/* End XCConfigurationList section */
	};
	rootObject = 3A3DBFC629C4E54500714D97 /* Project object */;
}
