// !$*UTF8*$!
{
	archiveVersion = 1;
	classes = {
	};
	objectVersion = 50;
	objects = {

/* Begin PBXBuildFile section */
		D5021009246A244200A45A51 /* DeviceCollectorNodeTests.swift in Sources */ = {isa = PBXBuildFile; fileRef = D5021008246A244200A45A51 /* DeviceCollectorNodeTests.swift */; };
		D502100E246A248600A45A51 /* DeviceCollectorNodeTree.png in Resources */ = {isa = PBXBuildFile; fileRef = D502100D246A248600A45A51 /* DeviceCollectorNodeTree.png */; };
		D502101C246A304D00A45A51 /* DeviceProfileCallbackTests.swift in Sources */ = {isa = PBXBuildFile; fileRef = D502101B246A304D00A45A51 /* DeviceProfileCallbackTests.swift */; };
		D5143C22246A191100B5DE80 /* LocationCollectorTests.swift in Sources */ = {isa = PBXBuildFile; fileRef = D5143C21246A191100B5DE80 /* LocationCollectorTests.swift */; };
		D548ECB0246A108E002DE328 /* FRProximityTests.swift in Sources */ = {isa = PBXBuildFile; fileRef = D548ECAF246A108E002DE328 /* FRProximityTests.swift */; };
		D548ECB3246A1322002DE328 /* BluetoothCollectorTests.swift in Sources */ = {isa = PBXBuildFile; fileRef = D548ECB2246A1322002DE328 /* BluetoothCollectorTests.swift */; };
		D548ECB4246A1359002DE328 /* BluetoothCollector.swift in Sources */ = {isa = PBXBuildFile; fileRef = D59FAE88234415AF005D34DA /* BluetoothCollector.swift */; };
		D548ECB5246A135A002DE328 /* LocationCollector.swift in Sources */ = {isa = PBXBuildFile; fileRef = D59FAE87234415AF005D34DA /* LocationCollector.swift */; };
		D54B7502246B51C500E6394E /* CustomCollector.swift in Sources */ = {isa = PBXBuildFile; fileRef = D54B7501246B51C500E6394E /* CustomCollector.swift */; };
		D5850E0024EE39B7004C9B98 /* FRPLog.swift in Sources */ = {isa = PBXBuildFile; fileRef = D5F1337E24EDCAB800737F14 /* FRPLog.swift */; };
		D5850E0124EE39B7004C9B98 /* FRLocationManager.swift in Sources */ = {isa = PBXBuildFile; fileRef = D5F1337A24EDBDAD00737F14 /* FRLocationManager.swift */; };
		D5850E0324EE39C8004C9B98 /* FRProximity.swift in Sources */ = {isa = PBXBuildFile; fileRef = D59FAE81234414DB005D34DA /* FRProximity.swift */; };
		D59FAE28234413D3005D34DA /* FRProximity.framework in Frameworks */ = {isa = PBXBuildFile; fileRef = D59FAE1E234413D3005D34DA /* FRProximity.framework */; };
		D59FAE2F234413D3005D34DA /* FRProximity.h in Headers */ = {isa = PBXBuildFile; fileRef = D59FAE21234413D3005D34DA /* FRProximity.h */; settings = {ATTRIBUTES = (Public, ); }; };
		D59FAE82234414DB005D34DA /* FRProximity.swift in Sources */ = {isa = PBXBuildFile; fileRef = D59FAE81234414DB005D34DA /* FRProximity.swift */; };
		D59FAE89234415AF005D34DA /* LocationCollector.swift in Sources */ = {isa = PBXBuildFile; fileRef = D59FAE87234415AF005D34DA /* LocationCollector.swift */; };
		D59FAE8A234415AF005D34DA /* BluetoothCollector.swift in Sources */ = {isa = PBXBuildFile; fileRef = D59FAE88234415AF005D34DA /* BluetoothCollector.swift */; };
		D59FAE9F234418BD005D34DA /* FRAuth.framework in Frameworks */ = {isa = PBXBuildFile; fileRef = D59FAE40234413F3005D34DA /* FRAuth.framework */; };
		D5AFD0802568D76B005E69FA /* Config-live-01.json in Resources */ = {isa = PBXBuildFile; fileRef = D5AFD07F2568D76B005E69FA /* Config-live-01.json */; };
		D5C3339F2560E91F00CC6C19 /* CustomCallback.swift in Sources */ = {isa = PBXBuildFile; fileRef = D5C333672560E91F00CC6C19 /* CustomCallback.swift */; };
		D5C333A02560E91F00CC6C19 /* NoSessionInterceptor.swift in Sources */ = {isa = PBXBuildFile; fileRef = D5C333692560E91F00CC6C19 /* NoSessionInterceptor.swift */; };
		D5C333A12560E91F00CC6C19 /* 01-cert.cert in Resources */ = {isa = PBXBuildFile; fileRef = D5C3336B2560E91F00CC6C19 /* 01-cert.cert */; };
		D5C333A22560E91F00CC6C19 /* 01-pkey.key in Resources */ = {isa = PBXBuildFile; fileRef = D5C3336C2560E91F00CC6C19 /* 01-pkey.key */; };
		D5C333A32560E91F00CC6C19 /* 02-pkey.pem in Resources */ = {isa = PBXBuildFile; fileRef = D5C3336D2560E91F00CC6C19 /* 02-pkey.pem */; };
		D5C333A42560E91F00CC6C19 /* 02-cert.pem in Resources */ = {isa = PBXBuildFile; fileRef = D5C3336E2560E91F00CC6C19 /* 02-cert.pem */; };
		D5C333A52560E91F00CC6C19 /* AM_Session_Logout_Success.json in Resources */ = {isa = PBXBuildFile; fileRef = D5C333712560E91F00CC6C19 /* AM_Session_Logout_Success.json */; };
		D5C333A62560E91F00CC6C19 /* AM_Session_Logout_Failure.json in Resources */ = {isa = PBXBuildFile; fileRef = D5C333722560E91F00CC6C19 /* AM_Session_Logout_Failure.json */; };
		D5C333A72560E91F00CC6C19 /* OAuth2_EndSession_Success.json in Resources */ = {isa = PBXBuildFile; fileRef = D5C333742560E91F00CC6C19 /* OAuth2_EndSession_Success.json */; };
		D5C333A82560E91F00CC6C19 /* OAuth2_AuthorizeRedirect_Failure.json in Resources */ = {isa = PBXBuildFile; fileRef = D5C333752560E91F00CC6C19 /* OAuth2_AuthorizeRedirect_Failure.json */; };
		D5C333A92560E91F00CC6C19 /* OAuth2_Token_Failure_InvalidGrant.json in Resources */ = {isa = PBXBuildFile; fileRef = D5C333762560E91F00CC6C19 /* OAuth2_Token_Failure_InvalidGrant.json */; };
		D5C333AA2560E91F00CC6C19 /* OAuth2_Token_Revoke_Success.json in Resources */ = {isa = PBXBuildFile; fileRef = D5C333772560E91F00CC6C19 /* OAuth2_Token_Revoke_Success.json */; };
		D5C333AB2560E91F00CC6C19 /* OAuth2_UserInfo_Success.json in Resources */ = {isa = PBXBuildFile; fileRef = D5C333782560E91F00CC6C19 /* OAuth2_UserInfo_Success.json */; };
		D5C333AC2560E91F00CC6C19 /* OAuth2_Token_Failure_InvalidClient.json in Resources */ = {isa = PBXBuildFile; fileRef = D5C333792560E91F00CC6C19 /* OAuth2_Token_Failure_InvalidClient.json */; };
		D5C333AD2560E91F00CC6C19 /* OAuth2_Token_Failure_InvalidScope.json in Resources */ = {isa = PBXBuildFile; fileRef = D5C3337A2560E91F00CC6C19 /* OAuth2_Token_Failure_InvalidScope.json */; };
		D5C333AE2560E91F00CC6C19 /* OAuth2_UserInfo_Failure.json in Resources */ = {isa = PBXBuildFile; fileRef = D5C3337B2560E91F00CC6C19 /* OAuth2_UserInfo_Failure.json */; };
		D5C333AF2560E91F00CC6C19 /* OAuth2_Token_Refresh_No_RefreshToken_Success.json in Resources */ = {isa = PBXBuildFile; fileRef = D5C3337C2560E91F00CC6C19 /* OAuth2_Token_Refresh_No_RefreshToken_Success.json */; };
		D5C333B02560E91F00CC6C19 /* OAuth2_AuthorizeRedirect_Success.json in Resources */ = {isa = PBXBuildFile; fileRef = D5C3337D2560E91F00CC6C19 /* OAuth2_AuthorizeRedirect_Success.json */; };
		D5C333B12560E91F00CC6C19 /* OAuth2_Token_Refresh_Success.json in Resources */ = {isa = PBXBuildFile; fileRef = D5C3337E2560E91F00CC6C19 /* OAuth2_Token_Refresh_Success.json */; };
		D5C333B22560E91F00CC6C19 /* OAuth2_EndSession_Failure.json in Resources */ = {isa = PBXBuildFile; fileRef = D5C3337F2560E91F00CC6C19 /* OAuth2_EndSession_Failure.json */; };
		D5C333B32560E91F00CC6C19 /* OAuth2_Token_Success.json in Resources */ = {isa = PBXBuildFile; fileRef = D5C333802560E91F00CC6C19 /* OAuth2_Token_Success.json */; };
		D5C333B42560E91F00CC6C19 /* AuthTree_SSOToken_Success2.json in Resources */ = {isa = PBXBuildFile; fileRef = D5C333822560E91F00CC6C19 /* AuthTree_SSOToken_Success2.json */; };
		D5C333B52560E91F00CC6C19 /* AuthTree_TermsAndConditionsNode.json in Resources */ = {isa = PBXBuildFile; fileRef = D5C333832560E91F00CC6C19 /* AuthTree_TermsAndConditionsNode.json */; };
		D5C333B62560E91F00CC6C19 /* AuthTree_SSOToken_Success.json in Resources */ = {isa = PBXBuildFile; fileRef = D5C333842560E91F00CC6C19 /* AuthTree_SSOToken_Success.json */; };
		D5C333B72560E91F00CC6C19 /* AuthTree_NoSession_Success.json in Resources */ = {isa = PBXBuildFile; fileRef = D5C333852560E91F00CC6C19 /* AuthTree_NoSession_Success.json */; };
		D5C333B82560E91F00CC6C19 /* AuthTree_UsernamePasswordNodeWithCustomCallback.json in Resources */ = {isa = PBXBuildFile; fileRef = D5C333862560E91F00CC6C19 /* AuthTree_UsernamePasswordNodeWithCustomCallback.json */; };
		D5C333B92560E91F00CC6C19 /* AuthTree_AuthTimedOut.json in Resources */ = {isa = PBXBuildFile; fileRef = D5C333872560E91F00CC6C19 /* AuthTree_AuthTimedOut.json */; };
		D5C333BA2560E91F00CC6C19 /* AuthTree_SecondFactorOTPNode.json in Resources */ = {isa = PBXBuildFile; fileRef = D5C333882560E91F00CC6C19 /* AuthTree_SecondFactorOTPNode.json */; };
		D5C333BB2560E91F00CC6C19 /* AuthTree_SecondFactorChoiceNode.json in Resources */ = {isa = PBXBuildFile; fileRef = D5C333892560E91F00CC6C19 /* AuthTree_SecondFactorChoiceNode.json */; };
		D5C333BC2560E91F00CC6C19 /* AuthTree_KBAVerificationNode.json in Resources */ = {isa = PBXBuildFile; fileRef = D5C3338A2560E91F00CC6C19 /* AuthTree_KBAVerificationNode.json */; };
		D5C333BD2560E91F00CC6C19 /* AuthTree_UsernamePasswordNode.json in Resources */ = {isa = PBXBuildFile; fileRef = D5C3338B2560E91F00CC6C19 /* AuthTree_UsernamePasswordNode.json */; };
		D5C333BE2560E91F00CC6C19 /* AuthTree_AttributeCollectorsNode.json in Resources */ = {isa = PBXBuildFile; fileRef = D5C3338C2560E91F00CC6C19 /* AuthTree_AttributeCollectorsNode.json */; };
		D5C333BF2560E91F00CC6C19 /* AuthTree_KBACreateNode.json in Resources */ = {isa = PBXBuildFile; fileRef = D5C3338D2560E91F00CC6C19 /* AuthTree_KBACreateNode.json */; };
		D5C333C02560E91F00CC6C19 /* AuthTree_PlatformUsernamePasswordNode.json in Resources */ = {isa = PBXBuildFile; fileRef = D5C3338E2560E91F00CC6C19 /* AuthTree_PlatformUsernamePasswordNode.json */; };
		D5C333C12560E91F00CC6C19 /* AuthTree_SuspendedAuthSessionException.json in Resources */ = {isa = PBXBuildFile; fileRef = D5C3338F2560E91F00CC6C19 /* AuthTree_SuspendedAuthSessionException.json */; };
		D5C333C22560E91F00CC6C19 /* AccessTokenNoRefresh.json in Resources */ = {isa = PBXBuildFile; fileRef = D5C333912560E91F00CC6C19 /* AccessTokenNoRefresh.json */; };
		D5C333C32560E91F00CC6C19 /* AccessToken.json in Resources */ = {isa = PBXBuildFile; fileRef = D5C333922560E91F00CC6C19 /* AccessToken.json */; };
		D5C333C42560E91F00CC6C19 /* AccessToken2.json in Resources */ = {isa = PBXBuildFile; fileRef = D5C333932560E91F00CC6C19 /* AccessToken2.json */; };
		D5C333C52560E91F00CC6C19 /* Config.json in Resources */ = {isa = PBXBuildFile; fileRef = D5C333952560E91F00CC6C19 /* Config.json */; };
		D5C333C62560E91F00CC6C19 /* Config.swift in Sources */ = {isa = PBXBuildFile; fileRef = D5C333962560E91F00CC6C19 /* Config.swift */; };
		D5C333C82560E91F00CC6C19 /* FRAuthBaseTest.swift in Sources */ = {isa = PBXBuildFile; fileRef = D5C333992560E91F00CC6C19 /* FRAuthBaseTest.swift */; };
		D5C333C92560E91F00CC6C19 /* FRBaseTestCase.swift in Sources */ = {isa = PBXBuildFile; fileRef = D5C3339A2560E91F00CC6C19 /* FRBaseTestCase.swift */; };
		D5C333CA2560E91F00CC6C19 /* FRTestStubResponseParser.swift in Sources */ = {isa = PBXBuildFile; fileRef = D5C3339C2560E91F00CC6C19 /* FRTestStubResponseParser.swift */; };
		D5C333CB2560E91F00CC6C19 /* FRTestUtils.swift in Sources */ = {isa = PBXBuildFile; fileRef = D5C3339D2560E91F00CC6C19 /* FRTestUtils.swift */; };
		D5C333CC2560E91F00CC6C19 /* FRTestNetworkStubProtocol.swift in Sources */ = {isa = PBXBuildFile; fileRef = D5C3339E2560E91F00CC6C19 /* FRTestNetworkStubProtocol.swift */; };
		D5C333E02560EAC500CC6C19 /* AuthTree_DeviceCollectorNodeMetadataOnly.json in Resources */ = {isa = PBXBuildFile; fileRef = D5C333DB2560EAC500CC6C19 /* AuthTree_DeviceCollectorNodeMetadataOnly.json */; };
		D5C333E12560EAC500CC6C19 /* AuthTree_DeviceCollectorNodeAll.json in Resources */ = {isa = PBXBuildFile; fileRef = D5C333DC2560EAC500CC6C19 /* AuthTree_DeviceCollectorNodeAll.json */; };
		D5C333E22560EAC500CC6C19 /* AuthTree_DeviceCollectorNodeLocationOnly.json in Resources */ = {isa = PBXBuildFile; fileRef = D5C333DD2560EAC500CC6C19 /* AuthTree_DeviceCollectorNodeLocationOnly.json */; };
		D5C333E32560EAC500CC6C19 /* AuthTree_DeviceCollectorNodeNone.json in Resources */ = {isa = PBXBuildFile; fileRef = D5C333DE2560EAC500CC6C19 /* AuthTree_DeviceCollectorNodeNone.json */; };
		D5C333E42560EAC500CC6C19 /* AuthTree_DeviceCollectorNodeWithMessage.json in Resources */ = {isa = PBXBuildFile; fileRef = D5C333DF2560EAC500CC6C19 /* AuthTree_DeviceCollectorNodeWithMessage.json */; };
		D5E7B1CC256C60A100DF2AB6 /* FRTestLogger.swift in Sources */ = {isa = PBXBuildFile; fileRef = D5E7B1CA256C60A100DF2AB6 /* FRTestLogger.swift */; };
		D5F1337B24EDBDAD00737F14 /* FRLocationManager.swift in Sources */ = {isa = PBXBuildFile; fileRef = D5F1337A24EDBDAD00737F14 /* FRLocationManager.swift */; };
		D5F1337F24EDCAB800737F14 /* FRPLog.swift in Sources */ = {isa = PBXBuildFile; fileRef = D5F1337E24EDCAB800737F14 /* FRPLog.swift */; };
/* End PBXBuildFile section */

/* Begin PBXContainerItemProxy section */
		D59FAE29234413D3005D34DA /* PBXContainerItemProxy */ = {
			isa = PBXContainerItemProxy;
			containerPortal = D59FAE15234413D3005D34DA /* Project object */;
			proxyType = 1;
			remoteGlobalIDString = D59FAE1D234413D3005D34DA;
			remoteInfo = FRProximity;
		};
		D59FAE3F234413F3005D34DA /* PBXContainerItemProxy */ = {
			isa = PBXContainerItemProxy;
			containerPortal = D59FAE38234413F3005D34DA /* FRAuth.xcodeproj */;
			proxyType = 2;
			remoteGlobalIDString = D55462F822A6DF720096C7A4;
			remoteInfo = FRAuth;
		};
		D59FAE41234413F3005D34DA /* PBXContainerItemProxy */ = {
			isa = PBXContainerItemProxy;
			containerPortal = D59FAE38234413F3005D34DA /* FRAuth.xcodeproj */;
			proxyType = 2;
			remoteGlobalIDString = D554630122A6DF720096C7A4;
			remoteInfo = FRAuthTests;
		};
		D59FAE45234413FB005D34DA /* PBXContainerItemProxy */ = {
			isa = PBXContainerItemProxy;
			containerPortal = D59FAE38234413F3005D34DA /* FRAuth.xcodeproj */;
			proxyType = 1;
			remoteGlobalIDString = D55462F722A6DF720096C7A4;
			remoteInfo = FRAuth;
		};
		D5B68CE7248CDD7000CD2F5B /* PBXContainerItemProxy */ = {
			isa = PBXContainerItemProxy;
			containerPortal = D5B68CE1248CDD7000CD2F5B /* FRTestHost.xcodeproj */;
			proxyType = 2;
			remoteGlobalIDString = D5A7A1E5248CD88C00E30CFE;
			remoteInfo = FRTestHost;
		};
		D5B68CE9248CDD7800CD2F5B /* PBXContainerItemProxy */ = {
			isa = PBXContainerItemProxy;
			containerPortal = D5B68CE1248CDD7000CD2F5B /* FRTestHost.xcodeproj */;
			proxyType = 1;
			remoteGlobalIDString = D5A7A1E4248CD88C00E30CFE;
			remoteInfo = FRTestHost;
		};
/* End PBXContainerItemProxy section */

/* Begin PBXFileReference section */
		D5021008246A244200A45A51 /* DeviceCollectorNodeTests.swift */ = {isa = PBXFileReference; lastKnownFileType = sourcecode.swift; path = DeviceCollectorNodeTests.swift; sourceTree = "<group>"; };
		D502100D246A248600A45A51 /* DeviceCollectorNodeTree.png */ = {isa = PBXFileReference; lastKnownFileType = image.png; path = DeviceCollectorNodeTree.png; sourceTree = "<group>"; };
		D502101B246A304D00A45A51 /* DeviceProfileCallbackTests.swift */ = {isa = PBXFileReference; lastKnownFileType = sourcecode.swift; path = DeviceProfileCallbackTests.swift; sourceTree = "<group>"; };
		D5143C21246A191100B5DE80 /* LocationCollectorTests.swift */ = {isa = PBXFileReference; lastKnownFileType = sourcecode.swift; path = LocationCollectorTests.swift; sourceTree = "<group>"; };
		D548ECAF246A108E002DE328 /* FRProximityTests.swift */ = {isa = PBXFileReference; lastKnownFileType = sourcecode.swift; path = FRProximityTests.swift; sourceTree = "<group>"; };
		D548ECB2246A1322002DE328 /* BluetoothCollectorTests.swift */ = {isa = PBXFileReference; lastKnownFileType = sourcecode.swift; path = BluetoothCollectorTests.swift; sourceTree = "<group>"; };
		D54B7501246B51C500E6394E /* CustomCollector.swift */ = {isa = PBXFileReference; lastKnownFileType = sourcecode.swift; path = CustomCollector.swift; sourceTree = "<group>"; };
		D59FAE1E234413D3005D34DA /* FRProximity.framework */ = {isa = PBXFileReference; explicitFileType = wrapper.framework; includeInIndex = 0; path = FRProximity.framework; sourceTree = BUILT_PRODUCTS_DIR; };
		D59FAE21234413D3005D34DA /* FRProximity.h */ = {isa = PBXFileReference; lastKnownFileType = sourcecode.c.h; path = FRProximity.h; sourceTree = "<group>"; };
		D59FAE22234413D3005D34DA /* Info.plist */ = {isa = PBXFileReference; lastKnownFileType = text.plist.xml; path = Info.plist; sourceTree = "<group>"; };
		D59FAE27234413D3005D34DA /* FRProximityTests.xctest */ = {isa = PBXFileReference; explicitFileType = wrapper.cfbundle; includeInIndex = 0; path = FRProximityTests.xctest; sourceTree = BUILT_PRODUCTS_DIR; };
		D59FAE2E234413D3005D34DA /* Info.plist */ = {isa = PBXFileReference; lastKnownFileType = text.plist.xml; path = Info.plist; sourceTree = "<group>"; };
		D59FAE38234413F3005D34DA /* FRAuth.xcodeproj */ = {isa = PBXFileReference; lastKnownFileType = "wrapper.pb-project"; name = FRAuth.xcodeproj; path = ../FRAuth/FRAuth.xcodeproj; sourceTree = "<group>"; };
		D59FAE81234414DB005D34DA /* FRProximity.swift */ = {isa = PBXFileReference; lastKnownFileType = sourcecode.swift; path = FRProximity.swift; sourceTree = "<group>"; };
		D59FAE87234415AF005D34DA /* LocationCollector.swift */ = {isa = PBXFileReference; fileEncoding = 4; lastKnownFileType = sourcecode.swift; path = LocationCollector.swift; sourceTree = "<group>"; };
		D59FAE88234415AF005D34DA /* BluetoothCollector.swift */ = {isa = PBXFileReference; fileEncoding = 4; lastKnownFileType = sourcecode.swift; path = BluetoothCollector.swift; sourceTree = "<group>"; };
		D5AFD07F2568D76B005E69FA /* Config-live-01.json */ = {isa = PBXFileReference; fileEncoding = 4; lastKnownFileType = text.json; path = "Config-live-01.json"; sourceTree = "<group>"; };
		D5B68CE1248CDD7000CD2F5B /* FRTestHost.xcodeproj */ = {isa = PBXFileReference; lastKnownFileType = "wrapper.pb-project"; name = FRTestHost.xcodeproj; path = ../FRTestHost/FRTestHost.xcodeproj; sourceTree = "<group>"; };
		D5C333672560E91F00CC6C19 /* CustomCallback.swift */ = {isa = PBXFileReference; fileEncoding = 4; lastKnownFileType = sourcecode.swift; path = CustomCallback.swift; sourceTree = "<group>"; };
		D5C333692560E91F00CC6C19 /* NoSessionInterceptor.swift */ = {isa = PBXFileReference; fileEncoding = 4; lastKnownFileType = sourcecode.swift; path = NoSessionInterceptor.swift; sourceTree = "<group>"; };
		D5C3336B2560E91F00CC6C19 /* 01-cert.cert */ = {isa = PBXFileReference; fileEncoding = 4; lastKnownFileType = text; path = "01-cert.cert"; sourceTree = "<group>"; };
		D5C3336C2560E91F00CC6C19 /* 01-pkey.key */ = {isa = PBXFileReference; fileEncoding = 4; lastKnownFileType = text; path = "01-pkey.key"; sourceTree = "<group>"; };
		D5C3336D2560E91F00CC6C19 /* 02-pkey.pem */ = {isa = PBXFileReference; fileEncoding = 4; lastKnownFileType = text; path = "02-pkey.pem"; sourceTree = "<group>"; };
		D5C3336E2560E91F00CC6C19 /* 02-cert.pem */ = {isa = PBXFileReference; fileEncoding = 4; lastKnownFileType = text; path = "02-cert.pem"; sourceTree = "<group>"; };
		D5C333712560E91F00CC6C19 /* AM_Session_Logout_Success.json */ = {isa = PBXFileReference; fileEncoding = 4; lastKnownFileType = text.json; path = AM_Session_Logout_Success.json; sourceTree = "<group>"; };
		D5C333722560E91F00CC6C19 /* AM_Session_Logout_Failure.json */ = {isa = PBXFileReference; fileEncoding = 4; lastKnownFileType = text.json; path = AM_Session_Logout_Failure.json; sourceTree = "<group>"; };
		D5C333742560E91F00CC6C19 /* OAuth2_EndSession_Success.json */ = {isa = PBXFileReference; fileEncoding = 4; lastKnownFileType = text.json; path = OAuth2_EndSession_Success.json; sourceTree = "<group>"; };
		D5C333752560E91F00CC6C19 /* OAuth2_AuthorizeRedirect_Failure.json */ = {isa = PBXFileReference; fileEncoding = 4; lastKnownFileType = text.json; path = OAuth2_AuthorizeRedirect_Failure.json; sourceTree = "<group>"; };
		D5C333762560E91F00CC6C19 /* OAuth2_Token_Failure_InvalidGrant.json */ = {isa = PBXFileReference; fileEncoding = 4; lastKnownFileType = text.json; path = OAuth2_Token_Failure_InvalidGrant.json; sourceTree = "<group>"; };
		D5C333772560E91F00CC6C19 /* OAuth2_Token_Revoke_Success.json */ = {isa = PBXFileReference; fileEncoding = 4; lastKnownFileType = text.json; path = OAuth2_Token_Revoke_Success.json; sourceTree = "<group>"; };
		D5C333782560E91F00CC6C19 /* OAuth2_UserInfo_Success.json */ = {isa = PBXFileReference; fileEncoding = 4; lastKnownFileType = text.json; path = OAuth2_UserInfo_Success.json; sourceTree = "<group>"; };
		D5C333792560E91F00CC6C19 /* OAuth2_Token_Failure_InvalidClient.json */ = {isa = PBXFileReference; fileEncoding = 4; lastKnownFileType = text.json; path = OAuth2_Token_Failure_InvalidClient.json; sourceTree = "<group>"; };
		D5C3337A2560E91F00CC6C19 /* OAuth2_Token_Failure_InvalidScope.json */ = {isa = PBXFileReference; fileEncoding = 4; lastKnownFileType = text.json; path = OAuth2_Token_Failure_InvalidScope.json; sourceTree = "<group>"; };
		D5C3337B2560E91F00CC6C19 /* OAuth2_UserInfo_Failure.json */ = {isa = PBXFileReference; fileEncoding = 4; lastKnownFileType = text.json; path = OAuth2_UserInfo_Failure.json; sourceTree = "<group>"; };
		D5C3337C2560E91F00CC6C19 /* OAuth2_Token_Refresh_No_RefreshToken_Success.json */ = {isa = PBXFileReference; fileEncoding = 4; lastKnownFileType = text.json; path = OAuth2_Token_Refresh_No_RefreshToken_Success.json; sourceTree = "<group>"; };
		D5C3337D2560E91F00CC6C19 /* OAuth2_AuthorizeRedirect_Success.json */ = {isa = PBXFileReference; fileEncoding = 4; lastKnownFileType = text.json; path = OAuth2_AuthorizeRedirect_Success.json; sourceTree = "<group>"; };
		D5C3337E2560E91F00CC6C19 /* OAuth2_Token_Refresh_Success.json */ = {isa = PBXFileReference; fileEncoding = 4; lastKnownFileType = text.json; path = OAuth2_Token_Refresh_Success.json; sourceTree = "<group>"; };
		D5C3337F2560E91F00CC6C19 /* OAuth2_EndSession_Failure.json */ = {isa = PBXFileReference; fileEncoding = 4; lastKnownFileType = text.json; path = OAuth2_EndSession_Failure.json; sourceTree = "<group>"; };
		D5C333802560E91F00CC6C19 /* OAuth2_Token_Success.json */ = {isa = PBXFileReference; fileEncoding = 4; lastKnownFileType = text.json; path = OAuth2_Token_Success.json; sourceTree = "<group>"; };
		D5C333822560E91F00CC6C19 /* AuthTree_SSOToken_Success2.json */ = {isa = PBXFileReference; fileEncoding = 4; lastKnownFileType = text.json; path = AuthTree_SSOToken_Success2.json; sourceTree = "<group>"; };
		D5C333832560E91F00CC6C19 /* AuthTree_TermsAndConditionsNode.json */ = {isa = PBXFileReference; fileEncoding = 4; lastKnownFileType = text.json; path = AuthTree_TermsAndConditionsNode.json; sourceTree = "<group>"; };
		D5C333842560E91F00CC6C19 /* AuthTree_SSOToken_Success.json */ = {isa = PBXFileReference; fileEncoding = 4; lastKnownFileType = text.json; path = AuthTree_SSOToken_Success.json; sourceTree = "<group>"; };
		D5C333852560E91F00CC6C19 /* AuthTree_NoSession_Success.json */ = {isa = PBXFileReference; fileEncoding = 4; lastKnownFileType = text.json; path = AuthTree_NoSession_Success.json; sourceTree = "<group>"; };
		D5C333862560E91F00CC6C19 /* AuthTree_UsernamePasswordNodeWithCustomCallback.json */ = {isa = PBXFileReference; fileEncoding = 4; lastKnownFileType = text.json; path = AuthTree_UsernamePasswordNodeWithCustomCallback.json; sourceTree = "<group>"; };
		D5C333872560E91F00CC6C19 /* AuthTree_AuthTimedOut.json */ = {isa = PBXFileReference; fileEncoding = 4; lastKnownFileType = text.json; path = AuthTree_AuthTimedOut.json; sourceTree = "<group>"; };
		D5C333882560E91F00CC6C19 /* AuthTree_SecondFactorOTPNode.json */ = {isa = PBXFileReference; fileEncoding = 4; lastKnownFileType = text.json; path = AuthTree_SecondFactorOTPNode.json; sourceTree = "<group>"; };
		D5C333892560E91F00CC6C19 /* AuthTree_SecondFactorChoiceNode.json */ = {isa = PBXFileReference; fileEncoding = 4; lastKnownFileType = text.json; path = AuthTree_SecondFactorChoiceNode.json; sourceTree = "<group>"; };
		D5C3338A2560E91F00CC6C19 /* AuthTree_KBAVerificationNode.json */ = {isa = PBXFileReference; fileEncoding = 4; lastKnownFileType = text.json; path = AuthTree_KBAVerificationNode.json; sourceTree = "<group>"; };
		D5C3338B2560E91F00CC6C19 /* AuthTree_UsernamePasswordNode.json */ = {isa = PBXFileReference; fileEncoding = 4; lastKnownFileType = text.json; path = AuthTree_UsernamePasswordNode.json; sourceTree = "<group>"; };
		D5C3338C2560E91F00CC6C19 /* AuthTree_AttributeCollectorsNode.json */ = {isa = PBXFileReference; fileEncoding = 4; lastKnownFileType = text.json; path = AuthTree_AttributeCollectorsNode.json; sourceTree = "<group>"; };
		D5C3338D2560E91F00CC6C19 /* AuthTree_KBACreateNode.json */ = {isa = PBXFileReference; fileEncoding = 4; lastKnownFileType = text.json; path = AuthTree_KBACreateNode.json; sourceTree = "<group>"; };
		D5C3338E2560E91F00CC6C19 /* AuthTree_PlatformUsernamePasswordNode.json */ = {isa = PBXFileReference; fileEncoding = 4; lastKnownFileType = text.json; path = AuthTree_PlatformUsernamePasswordNode.json; sourceTree = "<group>"; };
		D5C3338F2560E91F00CC6C19 /* AuthTree_SuspendedAuthSessionException.json */ = {isa = PBXFileReference; fileEncoding = 4; lastKnownFileType = text.json; path = AuthTree_SuspendedAuthSessionException.json; sourceTree = "<group>"; };
		D5C333912560E91F00CC6C19 /* AccessTokenNoRefresh.json */ = {isa = PBXFileReference; fileEncoding = 4; lastKnownFileType = text.json; path = AccessTokenNoRefresh.json; sourceTree = "<group>"; };
		D5C333922560E91F00CC6C19 /* AccessToken.json */ = {isa = PBXFileReference; fileEncoding = 4; lastKnownFileType = text.json; path = AccessToken.json; sourceTree = "<group>"; };
		D5C333932560E91F00CC6C19 /* AccessToken2.json */ = {isa = PBXFileReference; fileEncoding = 4; lastKnownFileType = text.json; path = AccessToken2.json; sourceTree = "<group>"; };
		D5C333952560E91F00CC6C19 /* Config.json */ = {isa = PBXFileReference; fileEncoding = 4; lastKnownFileType = text.json; path = Config.json; sourceTree = "<group>"; };
		D5C333962560E91F00CC6C19 /* Config.swift */ = {isa = PBXFileReference; fileEncoding = 4; lastKnownFileType = sourcecode.swift; path = Config.swift; sourceTree = "<group>"; };
		D5C333992560E91F00CC6C19 /* FRAuthBaseTest.swift */ = {isa = PBXFileReference; fileEncoding = 4; lastKnownFileType = sourcecode.swift; path = FRAuthBaseTest.swift; sourceTree = "<group>"; };
		D5C3339A2560E91F00CC6C19 /* FRBaseTestCase.swift */ = {isa = PBXFileReference; fileEncoding = 4; lastKnownFileType = sourcecode.swift; path = FRBaseTestCase.swift; sourceTree = "<group>"; };
		D5C3339C2560E91F00CC6C19 /* FRTestStubResponseParser.swift */ = {isa = PBXFileReference; fileEncoding = 4; lastKnownFileType = sourcecode.swift; path = FRTestStubResponseParser.swift; sourceTree = "<group>"; };
		D5C3339D2560E91F00CC6C19 /* FRTestUtils.swift */ = {isa = PBXFileReference; fileEncoding = 4; lastKnownFileType = sourcecode.swift; path = FRTestUtils.swift; sourceTree = "<group>"; };
		D5C3339E2560E91F00CC6C19 /* FRTestNetworkStubProtocol.swift */ = {isa = PBXFileReference; fileEncoding = 4; lastKnownFileType = sourcecode.swift; path = FRTestNetworkStubProtocol.swift; sourceTree = "<group>"; };
		D5C333DB2560EAC500CC6C19 /* AuthTree_DeviceCollectorNodeMetadataOnly.json */ = {isa = PBXFileReference; fileEncoding = 4; lastKnownFileType = text.json; path = AuthTree_DeviceCollectorNodeMetadataOnly.json; sourceTree = "<group>"; };
		D5C333DC2560EAC500CC6C19 /* AuthTree_DeviceCollectorNodeAll.json */ = {isa = PBXFileReference; fileEncoding = 4; lastKnownFileType = text.json; path = AuthTree_DeviceCollectorNodeAll.json; sourceTree = "<group>"; };
		D5C333DD2560EAC500CC6C19 /* AuthTree_DeviceCollectorNodeLocationOnly.json */ = {isa = PBXFileReference; fileEncoding = 4; lastKnownFileType = text.json; path = AuthTree_DeviceCollectorNodeLocationOnly.json; sourceTree = "<group>"; };
		D5C333DE2560EAC500CC6C19 /* AuthTree_DeviceCollectorNodeNone.json */ = {isa = PBXFileReference; fileEncoding = 4; lastKnownFileType = text.json; path = AuthTree_DeviceCollectorNodeNone.json; sourceTree = "<group>"; };
		D5C333DF2560EAC500CC6C19 /* AuthTree_DeviceCollectorNodeWithMessage.json */ = {isa = PBXFileReference; fileEncoding = 4; lastKnownFileType = text.json; path = AuthTree_DeviceCollectorNodeWithMessage.json; sourceTree = "<group>"; };
		D5E7B1CA256C60A100DF2AB6 /* FRTestLogger.swift */ = {isa = PBXFileReference; fileEncoding = 4; lastKnownFileType = sourcecode.swift; path = FRTestLogger.swift; sourceTree = "<group>"; };
		D5F1337A24EDBDAD00737F14 /* FRLocationManager.swift */ = {isa = PBXFileReference; lastKnownFileType = sourcecode.swift; path = FRLocationManager.swift; sourceTree = "<group>"; };
		D5F1337E24EDCAB800737F14 /* FRPLog.swift */ = {isa = PBXFileReference; lastKnownFileType = sourcecode.swift; path = FRPLog.swift; sourceTree = "<group>"; };
/* End PBXFileReference section */

/* Begin PBXFrameworksBuildPhase section */
		D59FAE1B234413D3005D34DA /* Frameworks */ = {
			isa = PBXFrameworksBuildPhase;
			buildActionMask = 2147483647;
			files = (
				D59FAE9F234418BD005D34DA /* FRAuth.framework in Frameworks */,
			);
			runOnlyForDeploymentPostprocessing = 0;
		};
		D59FAE24234413D3005D34DA /* Frameworks */ = {
			isa = PBXFrameworksBuildPhase;
			buildActionMask = 2147483647;
			files = (
				D59FAE28234413D3005D34DA /* FRProximity.framework in Frameworks */,
			);
			runOnlyForDeploymentPostprocessing = 0;
		};
/* End PBXFrameworksBuildPhase section */

/* Begin PBXGroup section */
		D505659224ECE8CC005E55BE /* Location */ = {
			isa = PBXGroup;
			children = (
				D5F1337A24EDBDAD00737F14 /* FRLocationManager.swift */,
			);
			path = Location;
			sourceTree = "<group>";
		};
		D548EC252469CCAA002DE328 /* TestData */ = {
			isa = PBXGroup;
			children = (
				D54B74FD246B51AC00E6394E /* Customization */,
			);
			path = TestData;
			sourceTree = "<group>";
		};
		D548ECAD246A106C002DE328 /* E2ETests */ = {
			isa = PBXGroup;
			children = (
				D502100D246A248600A45A51 /* DeviceCollectorNodeTree.png */,
				D5021008246A244200A45A51 /* DeviceCollectorNodeTests.swift */,
			);
			path = E2ETests;
			sourceTree = "<group>";
		};
		D548ECAE246A106C002DE328 /* UnitTests */ = {
			isa = PBXGroup;
			children = (
				D548ECAF246A108E002DE328 /* FRProximityTests.swift */,
				D548ECB2246A1322002DE328 /* BluetoothCollectorTests.swift */,
				D5143C21246A191100B5DE80 /* LocationCollectorTests.swift */,
				D502101B246A304D00A45A51 /* DeviceProfileCallbackTests.swift */,
			);
			path = UnitTests;
			sourceTree = "<group>";
		};
		D54B74FD246B51AC00E6394E /* Customization */ = {
			isa = PBXGroup;
			children = (
				D54B7501246B51C500E6394E /* CustomCollector.swift */,
			);
			path = Customization;
			sourceTree = "<group>";
		};
		D59FAE14234413D3005D34DA = {
			isa = PBXGroup;
			children = (
				D59FAE38234413F3005D34DA /* FRAuth.xcodeproj */,
				D59FAE20234413D3005D34DA /* FRProximity */,
				D59FAE2B234413D3005D34DA /* FRProximityTests */,
				D59FAE1F234413D3005D34DA /* Products */,
				D59FAE9E234418BD005D34DA /* Frameworks */,
				D5B68CE1248CDD7000CD2F5B /* FRTestHost.xcodeproj */,
			);
			sourceTree = "<group>";
		};
		D59FAE1F234413D3005D34DA /* Products */ = {
			isa = PBXGroup;
			children = (
				D59FAE1E234413D3005D34DA /* FRProximity.framework */,
				D59FAE27234413D3005D34DA /* FRProximityTests.xctest */,
			);
			name = Products;
			sourceTree = "<group>";
		};
		D59FAE20234413D3005D34DA /* FRProximity */ = {
			isa = PBXGroup;
			children = (
				D5F1337D24EDCAAF00737F14 /* Log */,
				D505659224ECE8CC005E55BE /* Location */,
				D59FAE862344156A005D34DA /* Device */,
				D59FAE21234413D3005D34DA /* FRProximity.h */,
				D59FAE22234413D3005D34DA /* Info.plist */,
				D59FAE81234414DB005D34DA /* FRProximity.swift */,
			);
			path = FRProximity;
			sourceTree = "<group>";
		};
		D59FAE2B234413D3005D34DA /* FRProximityTests */ = {
			isa = PBXGroup;
			children = (
				D5C333642560E91F00CC6C19 /* SharedTestFiles */,
				D548ECAD246A106C002DE328 /* E2ETests */,
				D548ECAE246A106C002DE328 /* UnitTests */,
				D548EC252469CCAA002DE328 /* TestData */,
				D59FAE2E234413D3005D34DA /* Info.plist */,
			);
			path = FRProximityTests;
			sourceTree = "<group>";
		};
		D59FAE39234413F3005D34DA /* Products */ = {
			isa = PBXGroup;
			children = (
				D59FAE40234413F3005D34DA /* FRAuth.framework */,
				D59FAE42234413F3005D34DA /* FRAuthTests.xctest */,
			);
			name = Products;
			sourceTree = "<group>";
		};
		D59FAE862344156A005D34DA /* Device */ = {
			isa = PBXGroup;
			children = (
				D59FAE88234415AF005D34DA /* BluetoothCollector.swift */,
				D59FAE87234415AF005D34DA /* LocationCollector.swift */,
			);
			path = Device;
			sourceTree = "<group>";
		};
		D59FAE9E234418BD005D34DA /* Frameworks */ = {
			isa = PBXGroup;
			children = (
			);
			name = Frameworks;
			sourceTree = "<group>";
		};
		D5B68CE2248CDD7000CD2F5B /* Products */ = {
			isa = PBXGroup;
			children = (
				D5B68CE8248CDD7000CD2F5B /* FRTestHost.app */,
			);
			name = Products;
			sourceTree = "<group>";
		};
		D5C333642560E91F00CC6C19 /* SharedTestFiles */ = {
			isa = PBXGroup;
			children = (
				D5C333652560E91F00CC6C19 /* TestData */,
				D5C333942560E91F00CC6C19 /* TestConfig */,
				D5C333982560E91F00CC6C19 /* BaseTest */,
				D5C3339B2560E91F00CC6C19 /* TestUtil */,
			);
			name = SharedTestFiles;
			path = ../../FRTestHost/FRTestHost/SharedTestFiles;
			sourceTree = "<group>";
		};
		D5C333652560E91F00CC6C19 /* TestData */ = {
			isa = PBXGroup;
			children = (
				D5C333662560E91F00CC6C19 /* CustomCallback */,
				D5C333682560E91F00CC6C19 /* Customization */,
				D5C3336A2560E91F00CC6C19 /* Certs */,
				D5C3336F2560E91F00CC6C19 /* MockResponseData */,
				D5C333902560E91F00CC6C19 /* ModelData */,
			);
			path = TestData;
			sourceTree = "<group>";
		};
		D5C333662560E91F00CC6C19 /* CustomCallback */ = {
			isa = PBXGroup;
			children = (
				D5C333672560E91F00CC6C19 /* CustomCallback.swift */,
			);
			path = CustomCallback;
			sourceTree = "<group>";
		};
		D5C333682560E91F00CC6C19 /* Customization */ = {
			isa = PBXGroup;
			children = (
				D5C333692560E91F00CC6C19 /* NoSessionInterceptor.swift */,
			);
			path = Customization;
			sourceTree = "<group>";
		};
		D5C3336A2560E91F00CC6C19 /* Certs */ = {
			isa = PBXGroup;
			children = (
				D5C3336B2560E91F00CC6C19 /* 01-cert.cert */,
				D5C3336C2560E91F00CC6C19 /* 01-pkey.key */,
				D5C3336D2560E91F00CC6C19 /* 02-pkey.pem */,
				D5C3336E2560E91F00CC6C19 /* 02-cert.pem */,
			);
			path = Certs;
			sourceTree = "<group>";
		};
		D5C3336F2560E91F00CC6C19 /* MockResponseData */ = {
			isa = PBXGroup;
			children = (
				D5C333702560E91F00CC6C19 /* AM */,
				D5C333732560E91F00CC6C19 /* OAuth2 */,
				D5C333812560E91F00CC6C19 /* AuthTree */,
			);
			path = MockResponseData;
			sourceTree = "<group>";
		};
		D5C333702560E91F00CC6C19 /* AM */ = {
			isa = PBXGroup;
			children = (
				D5C333712560E91F00CC6C19 /* AM_Session_Logout_Success.json */,
				D5C333722560E91F00CC6C19 /* AM_Session_Logout_Failure.json */,
			);
			path = AM;
			sourceTree = "<group>";
		};
		D5C333732560E91F00CC6C19 /* OAuth2 */ = {
			isa = PBXGroup;
			children = (
				D5C333742560E91F00CC6C19 /* OAuth2_EndSession_Success.json */,
				D5C333752560E91F00CC6C19 /* OAuth2_AuthorizeRedirect_Failure.json */,
				D5C333762560E91F00CC6C19 /* OAuth2_Token_Failure_InvalidGrant.json */,
				D5C333772560E91F00CC6C19 /* OAuth2_Token_Revoke_Success.json */,
				D5C333782560E91F00CC6C19 /* OAuth2_UserInfo_Success.json */,
				D5C333792560E91F00CC6C19 /* OAuth2_Token_Failure_InvalidClient.json */,
				D5C3337A2560E91F00CC6C19 /* OAuth2_Token_Failure_InvalidScope.json */,
				D5C3337B2560E91F00CC6C19 /* OAuth2_UserInfo_Failure.json */,
				D5C3337C2560E91F00CC6C19 /* OAuth2_Token_Refresh_No_RefreshToken_Success.json */,
				D5C3337D2560E91F00CC6C19 /* OAuth2_AuthorizeRedirect_Success.json */,
				D5C3337E2560E91F00CC6C19 /* OAuth2_Token_Refresh_Success.json */,
				D5C3337F2560E91F00CC6C19 /* OAuth2_EndSession_Failure.json */,
				D5C333802560E91F00CC6C19 /* OAuth2_Token_Success.json */,
			);
			path = OAuth2;
			sourceTree = "<group>";
		};
		D5C333812560E91F00CC6C19 /* AuthTree */ = {
			isa = PBXGroup;
			children = (
				D5C333DC2560EAC500CC6C19 /* AuthTree_DeviceCollectorNodeAll.json */,
				D5C333DD2560EAC500CC6C19 /* AuthTree_DeviceCollectorNodeLocationOnly.json */,
				D5C333DB2560EAC500CC6C19 /* AuthTree_DeviceCollectorNodeMetadataOnly.json */,
				D5C333DE2560EAC500CC6C19 /* AuthTree_DeviceCollectorNodeNone.json */,
				D5C333DF2560EAC500CC6C19 /* AuthTree_DeviceCollectorNodeWithMessage.json */,
				D5C333822560E91F00CC6C19 /* AuthTree_SSOToken_Success2.json */,
				D5C333832560E91F00CC6C19 /* AuthTree_TermsAndConditionsNode.json */,
				D5C333842560E91F00CC6C19 /* AuthTree_SSOToken_Success.json */,
				D5C333852560E91F00CC6C19 /* AuthTree_NoSession_Success.json */,
				D5C333862560E91F00CC6C19 /* AuthTree_UsernamePasswordNodeWithCustomCallback.json */,
				D5C333872560E91F00CC6C19 /* AuthTree_AuthTimedOut.json */,
				D5C333882560E91F00CC6C19 /* AuthTree_SecondFactorOTPNode.json */,
				D5C333892560E91F00CC6C19 /* AuthTree_SecondFactorChoiceNode.json */,
				D5C3338A2560E91F00CC6C19 /* AuthTree_KBAVerificationNode.json */,
				D5C3338B2560E91F00CC6C19 /* AuthTree_UsernamePasswordNode.json */,
				D5C3338C2560E91F00CC6C19 /* AuthTree_AttributeCollectorsNode.json */,
				D5C3338D2560E91F00CC6C19 /* AuthTree_KBACreateNode.json */,
				D5C3338E2560E91F00CC6C19 /* AuthTree_PlatformUsernamePasswordNode.json */,
				D5C3338F2560E91F00CC6C19 /* AuthTree_SuspendedAuthSessionException.json */,
			);
			path = AuthTree;
			sourceTree = "<group>";
		};
		D5C333902560E91F00CC6C19 /* ModelData */ = {
			isa = PBXGroup;
			children = (
				D5C333912560E91F00CC6C19 /* AccessTokenNoRefresh.json */,
				D5C333922560E91F00CC6C19 /* AccessToken.json */,
				D5C333932560E91F00CC6C19 /* AccessToken2.json */,
			);
			path = ModelData;
			sourceTree = "<group>";
		};
		D5C333942560E91F00CC6C19 /* TestConfig */ = {
			isa = PBXGroup;
			children = (
				D5AFD07F2568D76B005E69FA /* Config-live-01.json */,
				D5C333952560E91F00CC6C19 /* Config.json */,
				D5C333962560E91F00CC6C19 /* Config.swift */,
			);
			path = TestConfig;
			sourceTree = "<group>";
		};
		D5C333982560E91F00CC6C19 /* BaseTest */ = {
			isa = PBXGroup;
			children = (
				D5C333992560E91F00CC6C19 /* FRAuthBaseTest.swift */,
				D5C3339A2560E91F00CC6C19 /* FRBaseTestCase.swift */,
			);
			path = BaseTest;
			sourceTree = "<group>";
		};
		D5C3339B2560E91F00CC6C19 /* TestUtil */ = {
			isa = PBXGroup;
			children = (
				D5E7B1CA256C60A100DF2AB6 /* FRTestLogger.swift */,
				D5C3339C2560E91F00CC6C19 /* FRTestStubResponseParser.swift */,
				D5C3339D2560E91F00CC6C19 /* FRTestUtils.swift */,
				D5C3339E2560E91F00CC6C19 /* FRTestNetworkStubProtocol.swift */,
			);
			path = TestUtil;
			sourceTree = "<group>";
		};
		D5F1337D24EDCAAF00737F14 /* Log */ = {
			isa = PBXGroup;
			children = (
				D5F1337E24EDCAB800737F14 /* FRPLog.swift */,
			);
			path = Log;
			sourceTree = "<group>";
		};
/* End PBXGroup section */

/* Begin PBXHeadersBuildPhase section */
		D59FAE19234413D3005D34DA /* Headers */ = {
			isa = PBXHeadersBuildPhase;
			buildActionMask = 2147483647;
			files = (
				D59FAE2F234413D3005D34DA /* FRProximity.h in Headers */,
			);
			runOnlyForDeploymentPostprocessing = 0;
		};
/* End PBXHeadersBuildPhase section */

/* Begin PBXNativeTarget section */
		D59FAE1D234413D3005D34DA /* FRProximity */ = {
			isa = PBXNativeTarget;
			buildConfigurationList = D59FAE32234413D3005D34DA /* Build configuration list for PBXNativeTarget "FRProximity" */;
			buildPhases = (
				D59FAE19234413D3005D34DA /* Headers */,
				D59FAE1A234413D3005D34DA /* Sources */,
				D59FAE1B234413D3005D34DA /* Frameworks */,
				D59FAE1C234413D3005D34DA /* Resources */,
			);
			buildRules = (
			);
			dependencies = (
				D59FAE46234413FB005D34DA /* PBXTargetDependency */,
			);
			name = FRProximity;
			productName = FRProximity;
			productReference = D59FAE1E234413D3005D34DA /* FRProximity.framework */;
			productType = "com.apple.product-type.framework";
		};
		D59FAE26234413D3005D34DA /* FRProximityTests */ = {
			isa = PBXNativeTarget;
			buildConfigurationList = D59FAE35234413D3005D34DA /* Build configuration list for PBXNativeTarget "FRProximityTests" */;
			buildPhases = (
				D59FAE23234413D3005D34DA /* Sources */,
				D59FAE24234413D3005D34DA /* Frameworks */,
				D59FAE25234413D3005D34DA /* Resources */,
			);
			buildRules = (
			);
			dependencies = (
				D5B68CEA248CDD7800CD2F5B /* PBXTargetDependency */,
				D59FAE2A234413D3005D34DA /* PBXTargetDependency */,
			);
			name = FRProximityTests;
			productName = FRProximityTests;
			productReference = D59FAE27234413D3005D34DA /* FRProximityTests.xctest */;
			productType = "com.apple.product-type.bundle.unit-test";
		};
/* End PBXNativeTarget section */

/* Begin PBXProject section */
		D59FAE15234413D3005D34DA /* Project object */ = {
			isa = PBXProject;
			attributes = {
				LastSwiftUpdateCheck = 1140;
				LastUpgradeCheck = 1030;
				ORGANIZATIONNAME = "James Go";
				TargetAttributes = {
					D59FAE1D234413D3005D34DA = {
						CreatedOnToolsVersion = 10.3;
						LastSwiftMigration = 1030;
					};
					D59FAE26234413D3005D34DA = {
						CreatedOnToolsVersion = 10.3;
					};
				};
			};
			buildConfigurationList = D59FAE18234413D3005D34DA /* Build configuration list for PBXProject "FRProximity" */;
			compatibilityVersion = "Xcode 9.3";
			developmentRegion = en;
			hasScannedForEncodings = 0;
			knownRegions = (
				en,
				Base,
			);
			mainGroup = D59FAE14234413D3005D34DA;
			productRefGroup = D59FAE1F234413D3005D34DA /* Products */;
			projectDirPath = "";
			projectReferences = (
				{
					ProductGroup = D59FAE39234413F3005D34DA /* Products */;
					ProjectRef = D59FAE38234413F3005D34DA /* FRAuth.xcodeproj */;
				},
				{
					ProductGroup = D5B68CE2248CDD7000CD2F5B /* Products */;
					ProjectRef = D5B68CE1248CDD7000CD2F5B /* FRTestHost.xcodeproj */;
				},
			);
			projectRoot = "";
			targets = (
				D59FAE1D234413D3005D34DA /* FRProximity */,
				D59FAE26234413D3005D34DA /* FRProximityTests */,
			);
		};
/* End PBXProject section */

/* Begin PBXReferenceProxy section */
		D59FAE40234413F3005D34DA /* FRAuth.framework */ = {
			isa = PBXReferenceProxy;
			fileType = wrapper.framework;
			path = FRAuth.framework;
			remoteRef = D59FAE3F234413F3005D34DA /* PBXContainerItemProxy */;
			sourceTree = BUILT_PRODUCTS_DIR;
		};
		D59FAE42234413F3005D34DA /* FRAuthTests.xctest */ = {
			isa = PBXReferenceProxy;
			fileType = wrapper.cfbundle;
			path = FRAuthTests.xctest;
			remoteRef = D59FAE41234413F3005D34DA /* PBXContainerItemProxy */;
			sourceTree = BUILT_PRODUCTS_DIR;
		};
		D5B68CE8248CDD7000CD2F5B /* FRTestHost.app */ = {
			isa = PBXReferenceProxy;
			fileType = wrapper.application;
			path = FRTestHost.app;
			remoteRef = D5B68CE7248CDD7000CD2F5B /* PBXContainerItemProxy */;
			sourceTree = BUILT_PRODUCTS_DIR;
		};
/* End PBXReferenceProxy section */

/* Begin PBXResourcesBuildPhase section */
		D59FAE1C234413D3005D34DA /* Resources */ = {
			isa = PBXResourcesBuildPhase;
			buildActionMask = 2147483647;
			files = (
			);
			runOnlyForDeploymentPostprocessing = 0;
		};
		D59FAE25234413D3005D34DA /* Resources */ = {
			isa = PBXResourcesBuildPhase;
			buildActionMask = 2147483647;
			files = (
				D5C333B32560E91F00CC6C19 /* OAuth2_Token_Success.json in Resources */,
				D5C333A62560E91F00CC6C19 /* AM_Session_Logout_Failure.json in Resources */,
				D5C333AE2560E91F00CC6C19 /* OAuth2_UserInfo_Failure.json in Resources */,
				D5C333C32560E91F00CC6C19 /* AccessToken.json in Resources */,
				D5C333B12560E91F00CC6C19 /* OAuth2_Token_Refresh_Success.json in Resources */,
				D5C333A12560E91F00CC6C19 /* 01-cert.cert in Resources */,
				D5C333BB2560E91F00CC6C19 /* AuthTree_SecondFactorChoiceNode.json in Resources */,
				D5C333A42560E91F00CC6C19 /* 02-cert.pem in Resources */,
				D5C333A72560E91F00CC6C19 /* OAuth2_EndSession_Success.json in Resources */,
				D5C333C12560E91F00CC6C19 /* AuthTree_SuspendedAuthSessionException.json in Resources */,
				D5C333B42560E91F00CC6C19 /* AuthTree_SSOToken_Success2.json in Resources */,
				D5C333B82560E91F00CC6C19 /* AuthTree_UsernamePasswordNodeWithCustomCallback.json in Resources */,
				D5C333BD2560E91F00CC6C19 /* AuthTree_UsernamePasswordNode.json in Resources */,
				D5C333AC2560E91F00CC6C19 /* OAuth2_Token_Failure_InvalidClient.json in Resources */,
				D5C333E22560EAC500CC6C19 /* AuthTree_DeviceCollectorNodeLocationOnly.json in Resources */,
				D5C333BF2560E91F00CC6C19 /* AuthTree_KBACreateNode.json in Resources */,
				D5AFD0802568D76B005E69FA /* Config-live-01.json in Resources */,
				D5C333C52560E91F00CC6C19 /* Config.json in Resources */,
				D5C333B92560E91F00CC6C19 /* AuthTree_AuthTimedOut.json in Resources */,
				D502100E246A248600A45A51 /* DeviceCollectorNodeTree.png in Resources */,
				D5C333AA2560E91F00CC6C19 /* OAuth2_Token_Revoke_Success.json in Resources */,
				D5C333B02560E91F00CC6C19 /* OAuth2_AuthorizeRedirect_Success.json in Resources */,
				D5C333B62560E91F00CC6C19 /* AuthTree_SSOToken_Success.json in Resources */,
				D5C333E32560EAC500CC6C19 /* AuthTree_DeviceCollectorNodeNone.json in Resources */,
				D5C333A22560E91F00CC6C19 /* 01-pkey.key in Resources */,
				D5C333AD2560E91F00CC6C19 /* OAuth2_Token_Failure_InvalidScope.json in Resources */,
				D5C333BC2560E91F00CC6C19 /* AuthTree_KBAVerificationNode.json in Resources */,
				D5C333C02560E91F00CC6C19 /* AuthTree_PlatformUsernamePasswordNode.json in Resources */,
				D5C333A52560E91F00CC6C19 /* AM_Session_Logout_Success.json in Resources */,
				D5C333A82560E91F00CC6C19 /* OAuth2_AuthorizeRedirect_Failure.json in Resources */,
				D5C333C42560E91F00CC6C19 /* AccessToken2.json in Resources */,
				D5C333E12560EAC500CC6C19 /* AuthTree_DeviceCollectorNodeAll.json in Resources */,
				D5C333B72560E91F00CC6C19 /* AuthTree_NoSession_Success.json in Resources */,
				D5C333E02560EAC500CC6C19 /* AuthTree_DeviceCollectorNodeMetadataOnly.json in Resources */,
				D5C333AB2560E91F00CC6C19 /* OAuth2_UserInfo_Success.json in Resources */,
				D5C333B52560E91F00CC6C19 /* AuthTree_TermsAndConditionsNode.json in Resources */,
				D5C333AF2560E91F00CC6C19 /* OAuth2_Token_Refresh_No_RefreshToken_Success.json in Resources */,
				D5C333BA2560E91F00CC6C19 /* AuthTree_SecondFactorOTPNode.json in Resources */,
				D5C333C22560E91F00CC6C19 /* AccessTokenNoRefresh.json in Resources */,
				D5C333E42560EAC500CC6C19 /* AuthTree_DeviceCollectorNodeWithMessage.json in Resources */,
				D5C333B22560E91F00CC6C19 /* OAuth2_EndSession_Failure.json in Resources */,
				D5C333A92560E91F00CC6C19 /* OAuth2_Token_Failure_InvalidGrant.json in Resources */,
				D5C333A32560E91F00CC6C19 /* 02-pkey.pem in Resources */,
				D5C333BE2560E91F00CC6C19 /* AuthTree_AttributeCollectorsNode.json in Resources */,
			);
			runOnlyForDeploymentPostprocessing = 0;
		};
/* End PBXResourcesBuildPhase section */

/* Begin PBXSourcesBuildPhase section */
		D59FAE1A234413D3005D34DA /* Sources */ = {
			isa = PBXSourcesBuildPhase;
			buildActionMask = 2147483647;
			files = (
				D5F1337F24EDCAB800737F14 /* FRPLog.swift in Sources */,
				D59FAE8A234415AF005D34DA /* BluetoothCollector.swift in Sources */,
				D59FAE89234415AF005D34DA /* LocationCollector.swift in Sources */,
				D5F1337B24EDBDAD00737F14 /* FRLocationManager.swift in Sources */,
				D59FAE82234414DB005D34DA /* FRProximity.swift in Sources */,
			);
			runOnlyForDeploymentPostprocessing = 0;
		};
		D59FAE23234413D3005D34DA /* Sources */ = {
			isa = PBXSourcesBuildPhase;
			buildActionMask = 2147483647;
			files = (
				D5850E0324EE39C8004C9B98 /* FRProximity.swift in Sources */,
				D5C333A02560E91F00CC6C19 /* NoSessionInterceptor.swift in Sources */,
				D5C333C62560E91F00CC6C19 /* Config.swift in Sources */,
				D5850E0024EE39B7004C9B98 /* FRPLog.swift in Sources */,
				D5C333C82560E91F00CC6C19 /* FRAuthBaseTest.swift in Sources */,
				D5850E0124EE39B7004C9B98 /* FRLocationManager.swift in Sources */,
				D548ECB4246A1359002DE328 /* BluetoothCollector.swift in Sources */,
				D5C333CA2560E91F00CC6C19 /* FRTestStubResponseParser.swift in Sources */,
				D5C333CC2560E91F00CC6C19 /* FRTestNetworkStubProtocol.swift in Sources */,
				D548ECB5246A135A002DE328 /* LocationCollector.swift in Sources */,
				D5C333CB2560E91F00CC6C19 /* FRTestUtils.swift in Sources */,
				D548ECB3246A1322002DE328 /* BluetoothCollectorTests.swift in Sources */,
				D5C3339F2560E91F00CC6C19 /* CustomCallback.swift in Sources */,
				D5021009246A244200A45A51 /* DeviceCollectorNodeTests.swift in Sources */,
				D5C333C92560E91F00CC6C19 /* FRBaseTestCase.swift in Sources */,
				D548ECB0246A108E002DE328 /* FRProximityTests.swift in Sources */,
				D502101C246A304D00A45A51 /* DeviceProfileCallbackTests.swift in Sources */,
				D5E7B1CC256C60A100DF2AB6 /* FRTestLogger.swift in Sources */,
				D54B7502246B51C500E6394E /* CustomCollector.swift in Sources */,
				D5143C22246A191100B5DE80 /* LocationCollectorTests.swift in Sources */,
			);
			runOnlyForDeploymentPostprocessing = 0;
		};
/* End PBXSourcesBuildPhase section */

/* Begin PBXTargetDependency section */
		D59FAE2A234413D3005D34DA /* PBXTargetDependency */ = {
			isa = PBXTargetDependency;
			target = D59FAE1D234413D3005D34DA /* FRProximity */;
			targetProxy = D59FAE29234413D3005D34DA /* PBXContainerItemProxy */;
		};
		D59FAE46234413FB005D34DA /* PBXTargetDependency */ = {
			isa = PBXTargetDependency;
			name = FRAuth;
			targetProxy = D59FAE45234413FB005D34DA /* PBXContainerItemProxy */;
		};
		D5B68CEA248CDD7800CD2F5B /* PBXTargetDependency */ = {
			isa = PBXTargetDependency;
			name = FRTestHost;
			targetProxy = D5B68CE9248CDD7800CD2F5B /* PBXContainerItemProxy */;
		};
/* End PBXTargetDependency section */

/* Begin XCBuildConfiguration section */
		D59FAE30234413D3005D34DA /* Debug */ = {
			isa = XCBuildConfiguration;
			buildSettings = {
				ALWAYS_SEARCH_USER_PATHS = NO;
				CLANG_ANALYZER_NONNULL = YES;
				CLANG_ANALYZER_NUMBER_OBJECT_CONVERSION = YES_AGGRESSIVE;
				CLANG_CXX_LANGUAGE_STANDARD = "gnu++14";
				CLANG_CXX_LIBRARY = "libc++";
				CLANG_ENABLE_MODULES = YES;
				CLANG_ENABLE_OBJC_ARC = YES;
				CLANG_ENABLE_OBJC_WEAK = YES;
				CLANG_WARN_BLOCK_CAPTURE_AUTORELEASING = YES;
				CLANG_WARN_BOOL_CONVERSION = YES;
				CLANG_WARN_COMMA = YES;
				CLANG_WARN_CONSTANT_CONVERSION = YES;
				CLANG_WARN_DEPRECATED_OBJC_IMPLEMENTATIONS = YES;
				CLANG_WARN_DIRECT_OBJC_ISA_USAGE = YES_ERROR;
				CLANG_WARN_DOCUMENTATION_COMMENTS = YES;
				CLANG_WARN_EMPTY_BODY = YES;
				CLANG_WARN_ENUM_CONVERSION = YES;
				CLANG_WARN_INFINITE_RECURSION = YES;
				CLANG_WARN_INT_CONVERSION = YES;
				CLANG_WARN_NON_LITERAL_NULL_CONVERSION = YES;
				CLANG_WARN_OBJC_IMPLICIT_RETAIN_SELF = YES;
				CLANG_WARN_OBJC_LITERAL_CONVERSION = YES;
				CLANG_WARN_OBJC_ROOT_CLASS = YES_ERROR;
				CLANG_WARN_RANGE_LOOP_ANALYSIS = YES;
				CLANG_WARN_STRICT_PROTOTYPES = YES;
				CLANG_WARN_SUSPICIOUS_MOVE = YES;
				CLANG_WARN_UNGUARDED_AVAILABILITY = YES_AGGRESSIVE;
				CLANG_WARN_UNREACHABLE_CODE = YES;
				CLANG_WARN__DUPLICATE_METHOD_MATCH = YES;
				CODE_SIGN_IDENTITY = "iPhone Developer";
				COPY_PHASE_STRIP = NO;
				CURRENT_PROJECT_VERSION = 1;
				DEBUG_INFORMATION_FORMAT = dwarf;
				ENABLE_STRICT_OBJC_MSGSEND = YES;
				ENABLE_TESTABILITY = YES;
				GCC_C_LANGUAGE_STANDARD = gnu11;
				GCC_DYNAMIC_NO_PIC = NO;
				GCC_NO_COMMON_BLOCKS = YES;
				GCC_OPTIMIZATION_LEVEL = 0;
				GCC_PREPROCESSOR_DEFINITIONS = (
					"DEBUG=1",
					"$(inherited)",
				);
				GCC_WARN_64_TO_32_BIT_CONVERSION = YES;
				GCC_WARN_ABOUT_RETURN_TYPE = YES_ERROR;
				GCC_WARN_UNDECLARED_SELECTOR = YES;
				GCC_WARN_UNINITIALIZED_AUTOS = YES_AGGRESSIVE;
				GCC_WARN_UNUSED_FUNCTION = YES;
				GCC_WARN_UNUSED_VARIABLE = YES;
				IPHONEOS_DEPLOYMENT_TARGET = 12.0;
				MTL_ENABLE_DEBUG_INFO = INCLUDE_SOURCE;
				MTL_FAST_MATH = YES;
				ONLY_ACTIVE_ARCH = YES;
				SDKROOT = iphoneos;
				SWIFT_ACTIVE_COMPILATION_CONDITIONS = DEBUG;
				SWIFT_OPTIMIZATION_LEVEL = "-Onone";
				VERSIONING_SYSTEM = "apple-generic";
				VERSION_INFO_PREFIX = "";
			};
			name = Debug;
		};
		D59FAE31234413D3005D34DA /* Release */ = {
			isa = XCBuildConfiguration;
			buildSettings = {
				ALWAYS_SEARCH_USER_PATHS = NO;
				CLANG_ANALYZER_NONNULL = YES;
				CLANG_ANALYZER_NUMBER_OBJECT_CONVERSION = YES_AGGRESSIVE;
				CLANG_CXX_LANGUAGE_STANDARD = "gnu++14";
				CLANG_CXX_LIBRARY = "libc++";
				CLANG_ENABLE_MODULES = YES;
				CLANG_ENABLE_OBJC_ARC = YES;
				CLANG_ENABLE_OBJC_WEAK = YES;
				CLANG_WARN_BLOCK_CAPTURE_AUTORELEASING = YES;
				CLANG_WARN_BOOL_CONVERSION = YES;
				CLANG_WARN_COMMA = YES;
				CLANG_WARN_CONSTANT_CONVERSION = YES;
				CLANG_WARN_DEPRECATED_OBJC_IMPLEMENTATIONS = YES;
				CLANG_WARN_DIRECT_OBJC_ISA_USAGE = YES_ERROR;
				CLANG_WARN_DOCUMENTATION_COMMENTS = YES;
				CLANG_WARN_EMPTY_BODY = YES;
				CLANG_WARN_ENUM_CONVERSION = YES;
				CLANG_WARN_INFINITE_RECURSION = YES;
				CLANG_WARN_INT_CONVERSION = YES;
				CLANG_WARN_NON_LITERAL_NULL_CONVERSION = YES;
				CLANG_WARN_OBJC_IMPLICIT_RETAIN_SELF = YES;
				CLANG_WARN_OBJC_LITERAL_CONVERSION = YES;
				CLANG_WARN_OBJC_ROOT_CLASS = YES_ERROR;
				CLANG_WARN_RANGE_LOOP_ANALYSIS = YES;
				CLANG_WARN_STRICT_PROTOTYPES = YES;
				CLANG_WARN_SUSPICIOUS_MOVE = YES;
				CLANG_WARN_UNGUARDED_AVAILABILITY = YES_AGGRESSIVE;
				CLANG_WARN_UNREACHABLE_CODE = YES;
				CLANG_WARN__DUPLICATE_METHOD_MATCH = YES;
				CODE_SIGN_IDENTITY = "iPhone Developer";
				COPY_PHASE_STRIP = NO;
				CURRENT_PROJECT_VERSION = 1;
				DEBUG_INFORMATION_FORMAT = "dwarf-with-dsym";
				ENABLE_NS_ASSERTIONS = NO;
				ENABLE_STRICT_OBJC_MSGSEND = YES;
				GCC_C_LANGUAGE_STANDARD = gnu11;
				GCC_NO_COMMON_BLOCKS = YES;
				GCC_WARN_64_TO_32_BIT_CONVERSION = YES;
				GCC_WARN_ABOUT_RETURN_TYPE = YES_ERROR;
				GCC_WARN_UNDECLARED_SELECTOR = YES;
				GCC_WARN_UNINITIALIZED_AUTOS = YES_AGGRESSIVE;
				GCC_WARN_UNUSED_FUNCTION = YES;
				GCC_WARN_UNUSED_VARIABLE = YES;
				IPHONEOS_DEPLOYMENT_TARGET = 12.0;
				MTL_ENABLE_DEBUG_INFO = NO;
				MTL_FAST_MATH = YES;
				SDKROOT = iphoneos;
				SWIFT_COMPILATION_MODE = wholemodule;
				SWIFT_OPTIMIZATION_LEVEL = "-O";
				VALIDATE_PRODUCT = YES;
				VERSIONING_SYSTEM = "apple-generic";
				VERSION_INFO_PREFIX = "";
			};
			name = Release;
		};
		D59FAE33234413D3005D34DA /* Debug */ = {
			isa = XCBuildConfiguration;
			buildSettings = {
				BUILD_LIBRARY_FOR_DISTRIBUTION = NO;
				CLANG_ENABLE_MODULES = YES;
				CODE_SIGN_IDENTITY = "";
				CODE_SIGN_STYLE = Manual;
				DEFINES_MODULE = YES;
				DEVELOPMENT_TEAM = "";
				DYLIB_COMPATIBILITY_VERSION = 1;
				DYLIB_CURRENT_VERSION = 1;
				DYLIB_INSTALL_NAME_BASE = "@rpath";
				INFOPLIST_FILE = FRProximity/Info.plist;
				INSTALL_PATH = "$(LOCAL_LIBRARY_DIR)/Frameworks";
				IPHONEOS_DEPLOYMENT_TARGET = 12.0;
				LD_RUNPATH_SEARCH_PATHS = (
					"$(inherited)",
					"@executable_path/Frameworks",
					"@loader_path/Frameworks",
				);
				MARKETING_VERSION = 4.1.0;
				PRODUCT_BUNDLE_IDENTIFIER = com.forgerock.ios.FRProximity;
				PRODUCT_NAME = "$(TARGET_NAME:c99extidentifier)";
				PROVISIONING_PROFILE_SPECIFIER = "";
				"PROVISIONING_PROFILE_SPECIFIER[sdk=macosx*]" = "";
				SKIP_INSTALL = YES;
				SUPPORTED_PLATFORMS = "iphoneos iphonesimulator";
				SUPPORTS_MACCATALYST = NO;
				SUPPORTS_MAC_DESIGNED_FOR_IPHONE_IPAD = YES;
				SWIFT_OPTIMIZATION_LEVEL = "-Onone";
				SWIFT_VERSION = 5.0;
				TARGETED_DEVICE_FAMILY = "1,2";
			};
			name = Debug;
		};
		D59FAE34234413D3005D34DA /* Release */ = {
			isa = XCBuildConfiguration;
			buildSettings = {
				BUILD_LIBRARY_FOR_DISTRIBUTION = NO;
				CLANG_ENABLE_MODULES = YES;
				CODE_SIGN_IDENTITY = "";
				CODE_SIGN_STYLE = Manual;
				DEFINES_MODULE = YES;
				DEVELOPMENT_TEAM = "";
				DYLIB_COMPATIBILITY_VERSION = 1;
				DYLIB_CURRENT_VERSION = 1;
				DYLIB_INSTALL_NAME_BASE = "@rpath";
				INFOPLIST_FILE = FRProximity/Info.plist;
				INSTALL_PATH = "$(LOCAL_LIBRARY_DIR)/Frameworks";
				IPHONEOS_DEPLOYMENT_TARGET = 12.0;
				LD_RUNPATH_SEARCH_PATHS = (
					"$(inherited)",
					"@executable_path/Frameworks",
					"@loader_path/Frameworks",
				);
				MARKETING_VERSION = 4.1.0;
				PRODUCT_BUNDLE_IDENTIFIER = com.forgerock.ios.FRProximity;
				PRODUCT_NAME = "$(TARGET_NAME:c99extidentifier)";
				PROVISIONING_PROFILE_SPECIFIER = "";
				"PROVISIONING_PROFILE_SPECIFIER[sdk=macosx*]" = "";
				SKIP_INSTALL = YES;
				SUPPORTED_PLATFORMS = "iphoneos iphonesimulator";
				SUPPORTS_MACCATALYST = NO;
				SUPPORTS_MAC_DESIGNED_FOR_IPHONE_IPAD = YES;
				SWIFT_VERSION = 5.0;
				TARGETED_DEVICE_FAMILY = "1,2";
			};
			name = Release;
		};
		D59FAE36234413D3005D34DA /* Debug */ = {
			isa = XCBuildConfiguration;
			buildSettings = {
				ALWAYS_EMBED_SWIFT_STANDARD_LIBRARIES = YES;
				CODE_SIGN_STYLE = Manual;
				DEVELOPMENT_TEAM = "";
				INFOPLIST_FILE = FRProximityTests/Info.plist;
				IPHONEOS_DEPLOYMENT_TARGET = 12.0;
				LD_RUNPATH_SEARCH_PATHS = (
					"$(inherited)",
					"@executable_path/Frameworks",
					"@loader_path/Frameworks",
				);
				PRODUCT_BUNDLE_IDENTIFIER = com.forgerock.ios.FRProximityTests;
				PRODUCT_NAME = "$(TARGET_NAME)";
				PROVISIONING_PROFILE_SPECIFIER = "";
				"PROVISIONING_PROFILE_SPECIFIER[sdk=macosx*]" = "";
				SWIFT_VERSION = 5.0;
				TARGETED_DEVICE_FAMILY = "1,2";
				TEST_HOST = "$(BUILT_PRODUCTS_DIR)/FRTestHost.app/FRTestHost";
			};
			name = Debug;
		};
		D59FAE37234413D3005D34DA /* Release */ = {
			isa = XCBuildConfiguration;
			buildSettings = {
				ALWAYS_EMBED_SWIFT_STANDARD_LIBRARIES = YES;
				CODE_SIGN_STYLE = Manual;
				DEVELOPMENT_TEAM = "";
				INFOPLIST_FILE = FRProximityTests/Info.plist;
				IPHONEOS_DEPLOYMENT_TARGET = 12.0;
				LD_RUNPATH_SEARCH_PATHS = (
					"$(inherited)",
					"@executable_path/Frameworks",
					"@loader_path/Frameworks",
				);
				PRODUCT_BUNDLE_IDENTIFIER = com.forgerock.ios.FRProximityTests;
				PRODUCT_NAME = "$(TARGET_NAME)";
				PROVISIONING_PROFILE_SPECIFIER = "";
				"PROVISIONING_PROFILE_SPECIFIER[sdk=macosx*]" = "";
				SWIFT_VERSION = 5.0;
				TARGETED_DEVICE_FAMILY = "1,2";
				TEST_HOST = "$(BUILT_PRODUCTS_DIR)/FRTestHost.app/FRTestHost";
			};
			name = Release;
		};
/* End XCBuildConfiguration section */

/* Begin XCConfigurationList section */
		D59FAE18234413D3005D34DA /* Build configuration list for PBXProject "FRProximity" */ = {
			isa = XCConfigurationList;
			buildConfigurations = (
				D59FAE30234413D3005D34DA /* Debug */,
				D59FAE31234413D3005D34DA /* Release */,
			);
			defaultConfigurationIsVisible = 0;
			defaultConfigurationName = Release;
		};
		D59FAE32234413D3005D34DA /* Build configuration list for PBXNativeTarget "FRProximity" */ = {
			isa = XCConfigurationList;
			buildConfigurations = (
				D59FAE33234413D3005D34DA /* Debug */,
				D59FAE34234413D3005D34DA /* Release */,
			);
			defaultConfigurationIsVisible = 0;
			defaultConfigurationName = Release;
		};
		D59FAE35234413D3005D34DA /* Build configuration list for PBXNativeTarget "FRProximityTests" */ = {
			isa = XCConfigurationList;
			buildConfigurations = (
				D59FAE36234413D3005D34DA /* Debug */,
				D59FAE37234413D3005D34DA /* Release */,
			);
			defaultConfigurationIsVisible = 0;
			defaultConfigurationName = Release;
		};
/* End XCConfigurationList section */
	};
	rootObject = D59FAE15234413D3005D34DA /* Project object */;
}
